<?xml version="1.0" encoding="utf-8"?>
<Project ToolsVersion="4.0" xmlns="http://schemas.microsoft.com/developer/msbuild/2003">
  <ItemGroup>
    <Filter Include="Source Files">
      <UniqueIdentifier>{4FC737F1-C7A5-4376-A066-2A32D752A2FF}</UniqueIdentifier>
      <Extensions>cpp;c;cc;cxx;def;odl;idl;hpj;bat;asm;asmx</Extensions>
    </Filter>
    <Filter Include="Header Files">
      <UniqueIdentifier>{93995380-89BD-4b04-88EB-625FBE52EBFB}</UniqueIdentifier>
      <Extensions>h;hh;hpp;hxx;hm;inl;inc;xsd</Extensions>
    </Filter>
    <Filter Include="Resource Files">
      <UniqueIdentifier>{67DA6AB6-F800-4c08-8B7A-83BB121AAD01}</UniqueIdentifier>
      <Extensions>rc;ico;cur;bmp;dlg;rc2;rct;bin;rgs;gif;jpg;jpeg;jpe;resx;tiff;tif;png;wav</Extensions>
    </Filter>
  </ItemGroup>
  <ItemGroup>
    <ClCompile Include="LsCodexText.cpp">
      <Filter>Source Files</Filter>
    </ClCompile>
    <ClCompile Include="LsComputeGroups.cpp">
      <Filter>Source Files</Filter>
    </ClCompile>
    <ClCompile Include="LsInputDispatch.cpp">
      <Filter>Source Files</Filter>
    </ClCompile>
    <ClCompile Include="LsItemGen.cpp">
      <Filter>Source Files</Filter>
    </ClCompile>
    <ClCompile Include="LsLevelSerials.cpp">
      <Filter>Source Files</Filter>
    </ClCompile>
    <ClCompile Include="LsLevelState.cpp">
      <Filter>Source Files</Filter>
    </ClCompile>
    <ClCompile Include="LsLevelThread.cpp">
      <Filter>Source Files</Filter>
    </ClCompile>
    <ClCompile Include="LsMain.cpp">
      <Filter>Source Files</Filter>
    </ClCompile>
    <ClCompile Include="LsMessageReader.cpp">
      <Filter>Source Files</Filter>
    </ClCompile>
    <ClCompile Include="LsNetworkInput.cpp">
      <Filter>Source Files</Filter>
    </ClCompile>
    <ClCompile Include="LsNetworkOutput.cpp">
      <Filter>Source Files</Filter>
    </ClCompile>
    <ClCompile Include="LsOutputDispatch.cpp">
      <Filter>Source Files</Filter>
    </ClCompile>
    <ClCompile Include="LsPlayer.cpp">
      <Filter>Source Files</Filter>
    </ClCompile>
    <ClCompile Include="LsPlayerSet.cpp">
      <Filter>Source Files</Filter>
    </ClCompile>
    <ClCompile Include="LsPositionThread.cpp">
      <Filter>Source Files</Filter>
    </ClCompile>
    <ClCompile Include="LsRoomState.cpp">
      <Filter>Source Files</Filter>
    </ClCompile>
    <ClCompile Include="LsRoomThread.cpp">
      <Filter>Source Files</Filter>
    </ClCompile>
    <ClCompile Include="LsRoomThread1.cpp">
      <Filter>Source Files</Filter>
    </ClCompile>
    <ClCompile Include="LsRoomThread2.cpp">
      <Filter>Source Files</Filter>
    </ClCompile>
    <ClCompile Include="LsRoomThread3.cpp">
      <Filter>Source Files</Filter>
    </ClCompile>
    <ClCompile Include="LsSignalThread.cpp">
      <Filter>Source Files</Filter>
    </ClCompile>
    <ClCompile Include="LsUtil.cpp">
      <Filter>Source Files</Filter>
    </ClCompile>
    <ClCompile Include="Main.cpp">
      <Filter>Source Files</Filter>
    </ClCompile>
  </ItemGroup>
  <ItemGroup>
    <ClInclude Include="LsCodexText.h">
      <Filter>Header Files</Filter>
    </ClInclude>
    <ClInclude Include="LsComputeGroups.h">
      <Filter>Header Files</Filter>
    </ClInclude>
    <ClInclude Include="LsInputDispatch.h">
      <Filter>Header Files</Filter>
    </ClInclude>
    <ClInclude Include="LsItemGen.h">
      <Filter>Header Files</Filter>
    </ClInclude>
    <ClInclude Include="LsLevelSerials.h">
      <Filter>Header Files</Filter>
    </ClInclude>
    <ClInclude Include="LsLevelState.h">
      <Filter>Header Files</Filter>
    </ClInclude>
    <ClInclude Include="LsLevelThread.h">
      <Filter>Header Files</Filter>
    </ClInclude>
    <ClInclude Include="LsMacros.h">
      <Filter>Header Files</Filter>
    </ClInclude>
    <ClInclude Include="LsMain.h">
      <Filter>Header Files</Filter>
    </ClInclude>
    <ClInclude Include="LsMessageReader.h">
      <Filter>Header Files</Filter>
    </ClInclude>
    <ClInclude Include="LsNetworkInput.h">
      <Filter>Header Files</Filter>
    </ClInclude>
    <ClInclude Include="LsNetworkOutput.h">
      <Filter>Header Files</Filter>
    </ClInclude>
    <ClInclude Include="LsOutputDispatch.h">
      <Filter>Header Files</Filter>
    </ClInclude>
    <ClInclude Include="LsPlayer.h">
      <Filter>Header Files</Filter>
    </ClInclude>
    <ClInclude Include="LsPlayerList.h">
      <Filter>Header Files</Filter>
    </ClInclude>
    <ClInclude Include="LsPlayerSet.h">
      <Filter>Header Files</Filter>
    </ClInclude>
    <ClInclude Include="LsPositionThread.h">
      <Filter>Header Files</Filter>
    </ClInclude>
    <ClInclude Include="LsRoomState.h">
      <Filter>Header Files</Filter>
    </ClInclude>
    <ClInclude Include="LsRoomThread.h">
      <Filter>Header Files</Filter>
    </ClInclude>
    <ClInclude Include="LsSignalThread.h">
      <Filter>Header Files</Filter>
    </ClInclude>
    <ClInclude Include="LsUtil.h">
      <Filter>Header Files</Filter>
    </ClInclude>
  </ItemGroup>
</Project>