<?xml version="1.0" encoding="utf-8"?>
<Project ToolsVersion="4.0" xmlns="http://schemas.microsoft.com/developer/msbuild/2003">
  <ItemGroup>
    <Filter Include="Source Files">
      <UniqueIdentifier>{4FC737F1-C7A5-4376-A066-2A32D752A2FF}</UniqueIdentifier>
      <Extensions>cpp;c;cc;cxx;def;odl;idl;hpj;bat;asm;asmx</Extensions>
    </Filter>
    <Filter Include="Header Files">
      <UniqueIdentifier>{93995380-89BD-4b04-88EB-625FBE52EBFB}</UniqueIdentifier>
      <Extensions>h;hh;hpp;hxx;hm;inl;inc;xsd</Extensions>
    </Filter>
    <Filter Include="Resource Files">
      <UniqueIdentifier>{67DA6AB6-F800-4c08-8B7A-83BB121AAD01}</UniqueIdentifier>
      <Extensions>rc;ico;cur;bmp;dlg;rc2;rct;bin;rgs;gif;jpg;jpeg;jpe;resx;tiff;tif;png;wav</Extensions>
    </Filter>
  </ItemGroup>
  <ItemGroup>
    <ClCompile Include="LsCodexText.cpp">
      <Filter>Source Files</Filter>
    </ClCompile>
    <ClCompile Include="LsComputeGroups.cpp">
      <Filter>Source Files</Filter>
    </ClCompile>
    <ClCompile Include="LsInputDispatch.cpp">
      <Filter>Source Files</Filter>
    </ClCompile>
    <ClCompile Include="LsItemGen.cpp">
      <Filter>Source Files</Filter>
    </ClCompile>
    <ClCompile Include="LsLevelSerials.cpp">
      <Filter>Source Files</Filter>
    </ClCompile>
    <ClCompile Include="LsLevelState.cpp">
      <Filter>Source Files</Filter>
    </ClCompile>
    <ClCompile Include="LsLevelThread.cpp">
      <Filter>Source Files</Filter>
    </ClCompile>
    <ClCompile Include="LsMain.cpp">
      <Filter>Source Files</Filter>
    </ClCompile>
    <ClCompile Include="LsMessageReader.cpp">
      <Filter>Source Files</Filter>
    </ClCompile>
    <ClCompile Include="LsNetworkInput.cpp">
      <Filter>Source Files</Filter>
    </ClCompile>
    <ClCompile Include="LsNetworkOutput.cpp">
      <Filter>Source Files</Filter>
    </ClCompile>
    <ClCompile Include="LsOutputDispatch.cpp">
      <Filter>Source Files</Filter>
    </ClCompile>
    <ClCompile Include="LsPlayer.cpp">
      <Filter>Source Files</Filter>
    </ClCompile>
    <ClCompile Include="LsPlayerSet.cpp">
      <Filter>Source Files</Filter>
    </ClCompile>
    <ClCompile Include="LsPositionThread.cpp">
      <Filter>Source Files</Filter>
    </ClCompile>
    <ClCompile Include="LsRoomState.cpp">
      <Filter>Source Files</Filter>
    </ClCompile>
    <ClCompile Include="LsRoomThread.cpp">
      <Filter>Source Files</Filter>
    </ClCompile>
    <ClCompile Include="LsRoomThread1.cpp">
      <Filter>Source Files</Filter>
    </ClCompile>
    <ClCompile Include="LsRoomThread2.cpp">
      <Filter>Source Files</Filter>
    </ClCompile>
    <ClCompile Include="LsRoomThread3.cpp">
      <Filter>Source Files</Filter>
    </ClCompile>
    <ClCompile Include="LsSignalThread.cpp">
      <Filter>Source Files</Filter>
    </ClCompile>
    <ClCompile Include="LsUtil.cpp">
      <Filter>Source Files</Filter>
    </ClCompile>
    <ClCompile Include="Main.cpp">
      <Filter>Source Files</Filter>
    </ClCompile>
  </ItemGroup>
  <ItemGroup>
    <ClInclude Include="LsCodexText.h">
      <Filter>Header Files</Filter>
    </ClInclude>
    <ClInclude Include="LsComputeGroups.h">
      <Filter>Header Files</Filter>
    </ClInclude>
    <ClInclude Include="LsInputDispatch.h">
      <Filter>Header Files</Filter>
    </ClInclude>
    <ClInclude Include="LsItemGen.h">
      <Filter>Header Files</Filter>
    </ClInclude>
    <ClInclude Include="LsLevelSerials.h">
      <Filter>Header Files</Filter>
    </ClInclude>
    <ClInclude Include="LsLevelState.h">
      <Filter>Header Files</Filter>
    </ClInclude>
    <ClInclude Include="LsLevelThread.h">
      <Filter>Header Files</Filter>
    </ClInclude>
    <ClInclude Include="LsMacros.h">
      <Filter>Header Files</Filter>
    </ClInclude>
    <ClInclude Include="LsMain.h">
      <Filter>Header Files</Filter>
    </ClInclude>
    <ClInclude Include="LsMessageReader.h">
      <Filter>Header Files</Filter>
    </ClInclude>
    <ClInclude Include="LsNetworkInput.h">
      <Filter>Header Files</Filter>
    </ClInclude>
    <ClInclude Include="LsNetworkOutput.h">
      <Filter>Header Files</Filter>
    </ClInclude>
    <ClInclude Include="LsOutputDispatch.h">
      <Filter>Header Files</Filter>
    </ClInclude>
    <ClInclude Include="LsPlayer.h">
      <Filter>Header Files</Filter>
    </ClInclude>
    <ClInclude Include="LsPlayerList.h">
      <Filter>Header Files</Filter>
    </ClInclude>
    <ClInclude Include="LsPlayerSet.h">
      <Filter>Header Files</Filter>
    </ClInclude>
    <ClInclude Include="LsPositionThread.h">
      <Filter>Header Files</Filter>
    </ClInclude>
    <ClInclude Include="LsRoomState.h">
      <Filter>Header Files</Filter>
    </ClInclude>
    <ClInclude Include="LsRoomThread.h">
      <Filter>Header Files</Filter>
    </ClInclude>
    <ClInclude Include="LsSignalThread.h">
      <Filter>Header Files</Filter>
    </ClInclude>
    <ClInclude Include="LsUtil.h">
      <Filter>Header Files</Filter>
    </ClInclude>
    <ClInclude Include="..\..\libsrc\dbi_mysql\mysql_includes\base64.h">
      <Filter>Header Files</Filter>
    </ClInclude>
    <ClInclude Include="..\..\libsrc\dbi_mysql\mysql_includes\big_endian.h">
      <Filter>Header Files</Filter>
    </ClInclude>
    <ClInclude Include="..\..\libsrc\dbi_mysql\mysql_includes\byte_order_generic.h">
      <Filter>Header Files</Filter>
    </ClInclude>
    <ClInclude Include="..\..\libsrc\dbi_mysql\mysql_includes\byte_order_generic_x86.h">
      <Filter>Header Files</Filter>
    </ClInclude>
    <ClInclude Include="..\..\libsrc\dbi_mysql\mysql_includes\byte_order_generic_x86_64.h">
      <Filter>Header Files</Filter>
    </ClInclude>
    <ClInclude Include="..\..\libsrc\dbi_mysql\mysql_includes\decimal.h">
      <Filter>Header Files</Filter>
    </ClInclude>
    <ClInclude Include="..\..\libsrc\dbi_mysql\mysql_includes\errmsg.h">
      <Filter>Header Files</Filter>
    </ClInclude>
    <ClInclude Include="..\..\libsrc\dbi_mysql\mysql_includes\ft_global.h">
      <Filter>Header Files</Filter>
    </ClInclude>
    <ClInclude Include="..\..\libsrc\dbi_mysql\mysql_includes\handler_ername.h">
      <Filter>Header Files</Filter>
    </ClInclude>
    <ClInclude Include="..\..\libsrc\dbi_mysql\mysql_includes\handler_state.h">
      <Filter>Header Files</Filter>
    </ClInclude>
    <ClInclude Include="..\..\libsrc\dbi_mysql\mysql_includes\hash.h">
      <Filter>Header Files</Filter>
    </ClInclude>
    <ClInclude Include="..\..\libsrc\dbi_mysql\mysql_includes\heap.h">
      <Filter>Header Files</Filter>
    </ClInclude>
    <ClInclude Include="..\..\libsrc\dbi_mysql\mysql_includes\keycache.h">
      <Filter>Header Files</Filter>
    </ClInclude>
    <ClInclude Include="..\..\libsrc\dbi_mysql\mysql_includes\lf.h">
      <Filter>Header Files</Filter>
    </ClInclude>
    <ClInclude Include="..\..\libsrc\dbi_mysql\mysql_includes\little_endian.h">
      <Filter>Header Files</Filter>
    </ClInclude>
    <ClInclude Include="..\..\libsrc\dbi_mysql\mysql_includes\m_ctype.h">
      <Filter>Header Files</Filter>
    </ClInclude>
    <ClInclude Include="..\..\libsrc\dbi_mysql\mysql_includes\m_string.h">
      <Filter>Header Files</Filter>
    </ClInclude>
    <ClInclude Include="..\..\libsrc\dbi_mysql\mysql_includes\ma_dyncol.h">
      <Filter>Header Files</Filter>
    </ClInclude>
    <ClInclude Include="..\..\libsrc\dbi_mysql\mysql_includes\maria.h">
      <Filter>Header Files</Filter>
    </ClInclude>
    <ClInclude Include="..\..\libsrc\dbi_mysql\mysql_includes\my_aes.h">
      <Filter>Header Files</Filter>
    </ClInclude>
    <ClInclude Include="..\..\libsrc\dbi_mysql\mysql_includes\my_alarm.h">
      <Filter>Header Files</Filter>
    </ClInclude>
    <ClInclude Include="..\..\libsrc\dbi_mysql\mysql_includes\my_alloc.h">
      <Filter>Header Files</Filter>
    </ClInclude>
    <ClInclude Include="..\..\libsrc\dbi_mysql\mysql_includes\my_atomic.h">
      <Filter>Header Files</Filter>
    </ClInclude>
    <ClInclude Include="..\..\libsrc\dbi_mysql\mysql_includes\my_attribute.h">
      <Filter>Header Files</Filter>
    </ClInclude>
    <ClInclude Include="..\..\libsrc\dbi_mysql\mysql_includes\my_base.h">
      <Filter>Header Files</Filter>
    </ClInclude>
    <ClInclude Include="..\..\libsrc\dbi_mysql\mysql_includes\my_bit.h">
      <Filter>Header Files</Filter>
    </ClInclude>
    <ClInclude Include="..\..\libsrc\dbi_mysql\mysql_includes\my_bitmap.h">
      <Filter>Header Files</Filter>
    </ClInclude>
    <ClInclude Include="..\..\libsrc\dbi_mysql\mysql_includes\my_byteorder.h">
      <Filter>Header Files</Filter>
    </ClInclude>
    <ClInclude Include="..\..\libsrc\dbi_mysql\mysql_includes\my_check_opt.h">
      <Filter>Header Files</Filter>
    </ClInclude>
    <ClInclude Include="..\..\libsrc\dbi_mysql\mysql_includes\my_compare.h">
      <Filter>Header Files</Filter>
    </ClInclude>
    <ClInclude Include="..\..\libsrc\dbi_mysql\mysql_includes\my_compiler.h">
      <Filter>Header Files</Filter>
    </ClInclude>
    <ClInclude Include="..\..\libsrc\dbi_mysql\mysql_includes\my_context.h">
      <Filter>Header Files</Filter>
    </ClInclude>
    <ClInclude Include="..\..\libsrc\dbi_mysql\mysql_includes\my_crypt.h">
      <Filter>Header Files</Filter>
    </ClInclude>
    <ClInclude Include="..\..\libsrc\dbi_mysql\mysql_includes\my_crypt_key_management.h">
      <Filter>Header Files</Filter>
    </ClInclude>
    <ClInclude Include="..\..\libsrc\dbi_mysql\mysql_includes\my_dbug.h">
      <Filter>Header Files</Filter>
    </ClInclude>
    <ClInclude Include="..\..\libsrc\dbi_mysql\mysql_includes\my_decimal_limits.h">
      <Filter>Header Files</Filter>
    </ClInclude>
    <ClInclude Include="..\..\libsrc\dbi_mysql\mysql_includes\my_default.h">
      <Filter>Header Files</Filter>
    </ClInclude>
    <ClInclude Include="..\..\libsrc\dbi_mysql\mysql_includes\my_dir.h">
      <Filter>Header Files</Filter>
    </ClInclude>
    <ClInclude Include="..\..\libsrc\dbi_mysql\mysql_includes\my_getopt.h">
      <Filter>Header Files</Filter>
    </ClInclude>
    <ClInclude Include="..\..\libsrc\dbi_mysql\mysql_includes\my_global.h">
      <Filter>Header Files</Filter>
    </ClInclude>
    <ClInclude Include="..\..\libsrc\dbi_mysql\mysql_includes\my_handler_errors.h">
      <Filter>Header Files</Filter>
    </ClInclude>
    <ClInclude Include="..\..\libsrc\dbi_mysql\mysql_includes\my_libwrap.h">
      <Filter>Header Files</Filter>
    </ClInclude>
    <ClInclude Include="..\..\libsrc\dbi_mysql\mysql_includes\my_list.h">
      <Filter>Header Files</Filter>
    </ClInclude>
    <ClInclude Include="..\..\libsrc\dbi_mysql\mysql_includes\my_md5.h">
      <Filter>Header Files</Filter>
    </ClInclude>
    <ClInclude Include="..\..\libsrc\dbi_mysql\mysql_includes\my_net.h">
      <Filter>Header Files</Filter>
    </ClInclude>
    <ClInclude Include="..\..\libsrc\dbi_mysql\mysql_includes\my_nosys.h">
      <Filter>Header Files</Filter>
    </ClInclude>
    <ClInclude Include="..\..\libsrc\dbi_mysql\mysql_includes\my_pthread.h">
      <Filter>Header Files</Filter>
    </ClInclude>
    <ClInclude Include="..\..\libsrc\dbi_mysql\mysql_includes\my_rdtsc.h">
      <Filter>Header Files</Filter>
    </ClInclude>
    <ClInclude Include="..\..\libsrc\dbi_mysql\mysql_includes\my_rnd.h">
      <Filter>Header Files</Filter>
    </ClInclude>
    <ClInclude Include="..\..\libsrc\dbi_mysql\mysql_includes\my_stacktrace.h">
      <Filter>Header Files</Filter>
    </ClInclude>
    <ClInclude Include="..\..\libsrc\dbi_mysql\mysql_includes\my_sys.h">
      <Filter>Header Files</Filter>
    </ClInclude>
    <ClInclude Include="..\..\libsrc\dbi_mysql\mysql_includes\my_time.h">
      <Filter>Header Files</Filter>
    </ClInclude>
    <ClInclude Include="..\..\libsrc\dbi_mysql\mysql_includes\my_tree.h">
      <Filter>Header Files</Filter>
    </ClInclude>
    <ClInclude Include="..\..\libsrc\dbi_mysql\mysql_includes\my_uctype.h">
      <Filter>Header Files</Filter>
    </ClInclude>
    <ClInclude Include="..\..\libsrc\dbi_mysql\mysql_includes\my_user.h">
      <Filter>Header Files</Filter>
    </ClInclude>
    <ClInclude Include="..\..\libsrc\dbi_mysql\mysql_includes\my_valgrind.h">
      <Filter>Header Files</Filter>
    </ClInclude>
    <ClInclude Include="..\..\libsrc\dbi_mysql\mysql_includes\my_xml.h">
      <Filter>Header Files</Filter>
    </ClInclude>
    <ClInclude Include="..\..\libsrc\dbi_mysql\mysql_includes\myisam.h">
      <Filter>Header Files</Filter>
    </ClInclude>
    <ClInclude Include="..\..\libsrc\dbi_mysql\mysql_includes\myisamchk.h">
      <Filter>Header Files</Filter>
    </ClInclude>
    <ClInclude Include="..\..\libsrc\dbi_mysql\mysql_includes\myisammrg.h">
      <Filter>Header Files</Filter>
    </ClInclude>
    <ClInclude Include="..\..\libsrc\dbi_mysql\mysql_includes\myisampack.h">
      <Filter>Header Files</Filter>
    </ClInclude>
    <ClInclude Include="..\..\libsrc\dbi_mysql\mysql_includes\mysql_com_server.h">
      <Filter>Header Files</Filter>
    </ClInclude>
    <ClInclude Include="..\..\libsrc\dbi_mysql\mysql_includes\mysql_time.h">
      <Filter>Header Files</Filter>
    </ClInclude>
    <ClInclude Include="..\..\libsrc\dbi_mysql\mysql_includes\mysqld_default_groups.h">
      <Filter>Header Files</Filter>
    </ClInclude>
    <ClInclude Include="..\..\libsrc\dbi_mysql\mysql_includes\mysys_err.h">
      <Filter>Header Files</Filter>
    </ClInclude>
    <ClInclude Include="..\..\libsrc\dbi_mysql\mysql_includes\password.h">
      <Filter>Header Files</Filter>
    </ClInclude>
    <ClInclude Include="..\..\libsrc\dbi_mysql\mysql_includes\probes_mysql.h">
      <Filter>Header Files</Filter>
    </ClInclude>
    <ClInclude Include="..\..\libsrc\dbi_mysql\mysql_includes\queues.h">
      <Filter>Header Files</Filter>
    </ClInclude>
    <ClInclude Include="..\..\libsrc\dbi_mysql\mysql_includes\rijndael.h">
      <Filter>Header Files</Filter>
    </ClInclude>
    <ClInclude Include="..\..\libsrc\dbi_mysql\mysql_includes\service_versions.h">
      <Filter>Header Files</Filter>
    </ClInclude>
    <ClInclude Include="..\..\libsrc\dbi_mysql\mysql_includes\sha1.h">
      <Filter>Header Files</Filter>
    </ClInclude>
    <ClInclude Include="..\..\libsrc\dbi_mysql\mysql_includes\sha2.h">
      <Filter>Header Files</Filter>
    </ClInclude>
    <ClInclude Include="..\..\libsrc\dbi_mysql\mysql_includes\sql_common.h">
      <Filter>Header Files</Filter>
    </ClInclude>
    <ClInclude Include="..\..\libsrc\dbi_mysql\mysql_includes\sslopt-case.h">
      <Filter>Header Files</Filter>
    </ClInclude>
    <ClInclude Include="..\..\libsrc\dbi_mysql\mysql_includes\sslopt-longopts.h">
      <Filter>Header Files</Filter>
    </ClInclude>
    <ClInclude Include="..\..\libsrc\dbi_mysql\mysql_includes\sslopt-vars.h">
      <Filter>Header Files</Filter>
    </ClInclude>
    <ClInclude Include="..\..\libsrc\dbi_mysql\mysql_includes\t_ctype.h">
      <Filter>Header Files</Filter>
    </ClInclude>
    <ClInclude Include="..\..\libsrc\dbi_mysql\mysql_includes\thr_alarm.h">
      <Filter>Header Files</Filter>
    </ClInclude>
    <ClInclude Include="..\..\libsrc\dbi_mysql\mysql_includes\thr_lock.h">
      <Filter>Header Files</Filter>
    </ClInclude>
    <ClInclude Include="..\..\libsrc\dbi_mysql\mysql_includes\thread_pool_priv.h">
      <Filter>Header Files</Filter>
    </ClInclude>
    <ClInclude Include="..\..\libsrc\dbi_mysql\mysql_includes\typelib.h">
      <Filter>Header Files</Filter>
    </ClInclude>
    <ClInclude Include="..\..\libsrc\dbi_mysql\mysql_includes\violite.h">
      <Filter>Header Files</Filter>
    </ClInclude>
    <ClInclude Include="..\..\libsrc\dbi_mysql\mysql_includes\waiting_threads.h">
      <Filter>Header Files</Filter>
    </ClInclude>
    <ClInclude Include="..\..\libsrc\dbi_mysql\mysql_includes\welcome_copyright_notice.h">
      <Filter>Header Files</Filter>
    </ClInclude>
    <ClInclude Include="..\..\libsrc\dbi_mysql\mysql_includes\wqueue.h">
      <Filter>Header Files</Filter>
    </ClInclude>
  </ItemGroup>
  <ItemGroup>
    <Text Include="..\..\libsrc\dbi_mysql\mysql_includes\CMakeLists.txt">
      <Filter>Header Files</Filter>
    </Text>
  </ItemGroup>
  <ItemGroup>
    <None Include="..\..\libsrc\dbi_mysql\mysql_includes\mysql.h.pp">
      <Filter>Header Files</Filter>
    </None>
    <None Include="..\..\libsrc\dbi_mysql\mysql_includes\probes_mysql.d.base">
      <Filter>Header Files</Filter>
    </None>
  </ItemGroup>
</Project>