<?xml version="1.0" encoding="utf-8"?>
<Project ToolsVersion="4.0" xmlns="http://schemas.microsoft.com/developer/msbuild/2003">
  <ItemGroup>
    <Filter Include="Source Files">
      <UniqueIdentifier>{f8edfa6c-b45a-45e6-af62-1f18b0485c99}</UniqueIdentifier>
      <Extensions>cpp;c;cxx;rc;def;r;odl;idl;hpj;bat</Extensions>
    </Filter>
    <Filter Include="Header Files">
      <UniqueIdentifier>{5e5680f2-5ee5-4e35-808e-99fe511dd2d2}</UniqueIdentifier>
      <Extensions>h;hpp;hxx;hm;inl</Extensions>
    </Filter>
    <Filter Include="Inline Files">
      <UniqueIdentifier>{4f4e1ca1-7bf9-49db-9ea8-0dd1a9926888}</UniqueIdentifier>
      <Extensions>*.i</Extensions>
    </Filter>
  </ItemGroup>
  <ItemGroup>
    <ClCompile Include="GMsg_AgentLogin.cpp">
      <Filter>Source Files</Filter>
    </ClCompile>
    <ClCompile Include="GMsg_ChangeAvatar.cpp">
      <Filter>Source Files</Filter>
    </ClCompile>
    <ClCompile Include="GMsg_ChangeStat.cpp">
      <Filter>Source Files</Filter>
    </ClCompile>
    <ClCompile Include="GMsg_CreateItem.cpp">
      <Filter>Source Files</Filter>
    </ClCompile>
    <ClCompile Include="GMsg_DestroyItem.cpp">
      <Filter>Source Files</Filter>
    </ClCompile>
    <ClCompile Include="GMsg_DestroyRoomItem.cpp">
      <Filter>Source Files</Filter>
    </ClCompile>
    <ClCompile Include="GMsg_Error.cpp">
      <Filter>Source Files</Filter>
    </ClCompile>
    <ClCompile Include="GMsg_GetGoalHdrs.cpp">
      <Filter>Source Files</Filter>
    </ClCompile>
    <ClCompile Include="GMsg_GetItem.cpp">
      <Filter>Source Files</Filter>
    </ClCompile>
    <ClCompile Include="GMsg_GetItemDescription.cpp">
      <Filter>Source Files</Filter>
    </ClCompile>
    <ClCompile Include="GMsg_GetLevelPlayers.cpp">
      <Filter>Source Files</Filter>
    </ClCompile>
    <ClCompile Include="GMsg_GetPlayerName.cpp">
      <Filter>Source Files</Filter>
    </ClCompile>
    <ClCompile Include="GMsg_GetReportHdrs.cpp">
      <Filter>Source Files</Filter>
    </ClCompile>
    <ClCompile Include="GMsg_GiveItem.cpp">
      <Filter>Source Files</Filter>
    </ClCompile>
    <ClCompile Include="GMsg_GiveItemAck.cpp">
      <Filter>Source Files</Filter>
    </ClCompile>
    <ClCompile Include="GMsg_Goal.cpp">
      <Filter>Source Files</Filter>
    </ClCompile>
    <ClCompile Include="GMsg_GotoLevel.cpp">
      <Filter>Source Files</Filter>
    </ClCompile>
    <ClCompile Include="GMsg_GrantPPoint.cpp">
      <Filter>Source Files</Filter>
    </ClCompile>
    <ClCompile Include="GMsg_ItemDescription.cpp">
      <Filter>Source Files</Filter>
    </ClCompile>
    <ClCompile Include="GMsg_ItemDrop.cpp">
      <Filter>Source Files</Filter>
    </ClCompile>
    <ClCompile Include="GMsg_ItemPickup.cpp">
      <Filter>Source Files</Filter>
    </ClCompile>
    <ClCompile Include="GMsg_LevelPlayers.cpp">
      <Filter>Source Files</Filter>
    </ClCompile>
    <ClCompile Include="GMsg_LocateAvatar.cpp">
      <Filter>Source Files</Filter>
    </ClCompile>
    <ClCompile Include="GMsg_LocateAvatarAck.cpp">
      <Filter>Source Files</Filter>
    </ClCompile>
    <ClCompile Include="GMsg_LocateNewliesAck.cpp">
      <Filter>Source Files</Filter>
    </ClCompile>
    <ClCompile Include="GMsg_Login.cpp">
      <Filter>Source Files</Filter>
    </ClCompile>
    <ClCompile Include="GMsg_LoginAck.cpp">
      <Filter>Source Files</Filter>
    </ClCompile>
    <ClCompile Include="GMsg_Logout.cpp">
      <Filter>Source Files</Filter>
    </ClCompile>
    <ClCompile Include="GMsg_Ping.cpp">
      <Filter>Source Files</Filter>
    </ClCompile>
    <ClCompile Include="GMsg_PostGoal.cpp">
      <Filter>Source Files</Filter>
    </ClCompile>
    <ClCompile Include="GMsg_PostReport.cpp">
      <Filter>Source Files</Filter>
    </ClCompile>
    <ClCompile Include="GMsg_PPointAck.cpp">
      <Filter>Source Files</Filter>
    </ClCompile>
    <ClCompile Include="GMsg_PutItem.cpp">
      <Filter>Source Files</Filter>
    </ClCompile>
    <ClCompile Include="GMsg_RcvGoalbookHdr.cpp">
      <Filter>Source Files</Filter>
    </ClCompile>
    <ClCompile Include="GMsg_RcvGoalDetails.cpp">
      <Filter>Source Files</Filter>
    </ClCompile>
    <ClCompile Include="GMsg_RcvGoalHdr.cpp">
      <Filter>Source Files</Filter>
    </ClCompile>
    <ClCompile Include="GMsg_RcvGoalText.cpp">
      <Filter>Source Files</Filter>
    </ClCompile>
    <ClCompile Include="GMsg_RcvPlayerName.cpp">
      <Filter>Source Files</Filter>
    </ClCompile>
    <ClCompile Include="GMsg_RcvReportGoals.cpp">
      <Filter>Source Files</Filter>
    </ClCompile>
    <ClCompile Include="GMsg_RcvReportHdr.cpp">
      <Filter>Source Files</Filter>
    </ClCompile>
    <ClCompile Include="GMsg_RcvReportText.cpp">
      <Filter>Source Files</Filter>
    </ClCompile>
    <ClCompile Include="GMsg_SenseDreamersAck.cpp">
      <Filter>Source Files</Filter>
    </ClCompile>
    <ClCompile Include="GMsg_ServerDown.cpp">
      <Filter>Source Files</Filter>
    </ClCompile>
    <ClCompile Include="GMsg_SetAvatarDescription.cpp">
      <Filter>Source Files</Filter>
    </ClCompile>
    <ClCompile Include="GMsg_ShowItem.cpp">
      <Filter>Source Files</Filter>
    </ClCompile>
    <ClCompile Include="GMsg_SummonAvatar.cpp">
      <Filter>Source Files</Filter>
    </ClCompile>
    <ClCompile Include="GMsg_SummonAvatarAck.cpp">
      <Filter>Source Files</Filter>
    </ClCompile>
    <ClCompile Include="GMsg_TakeItem.cpp">
      <Filter>Source Files</Filter>
    </ClCompile>
    <ClCompile Include="GMsg_TakeItemAck.cpp">
      <Filter>Source Files</Filter>
    </ClCompile>
    <ClCompile Include="GMsg_UpdateItem.cpp">
      <Filter>Source Files</Filter>
    </ClCompile>
    <ClCompile Include="GMsg_UpdateStats.cpp">
      <Filter>Source Files</Filter>
    </ClCompile>
    <ClCompile Include="GMsg_UsePPoint.cpp">
      <Filter>Source Files</Filter>
    </ClCompile>
    <ClCompile Include="GMsg_ViewItem.cpp">
      <Filter>Source Files</Filter>
    </ClCompile>
  </ItemGroup>
  <ItemGroup>
    <ClInclude Include="GMsg.h">
      <Filter>Header Files</Filter>
    </ClInclude>
    <ClInclude Include="GMsg_AgentLogin.h">
      <Filter>Header Files</Filter>
    </ClInclude>
    <ClInclude Include="GMsg_All.h">
      <Filter>Header Files</Filter>
    </ClInclude>
    <ClInclude Include="GMsg_ChangeAvatar.h">
      <Filter>Header Files</Filter>
    </ClInclude>
    <ClInclude Include="GMsg_ChangeStat.h">
      <Filter>Header Files</Filter>
    </ClInclude>
    <ClInclude Include="GMsg_CreateItem.h">
      <Filter>Header Files</Filter>
    </ClInclude>
    <ClInclude Include="GMsg_DestroyItem.h">
      <Filter>Header Files</Filter>
    </ClInclude>
    <ClInclude Include="GMsg_DestroyRoomItem.h">
      <Filter>Header Files</Filter>
    </ClInclude>
    <ClInclude Include="GMsg_Error.h">
      <Filter>Header Files</Filter>
    </ClInclude>
    <ClInclude Include="GMsg_GetGoalHdrs.h">
      <Filter>Header Files</Filter>
    </ClInclude>
    <ClInclude Include="GMsg_GetItem.h">
      <Filter>Header Files</Filter>
    </ClInclude>
    <ClInclude Include="GMsg_GetItemDescription.h">
      <Filter>Header Files</Filter>
    </ClInclude>
    <ClInclude Include="GMsg_GetLevelPlayers.h">
      <Filter>Header Files</Filter>
    </ClInclude>
    <ClInclude Include="GMsg_GetPlayerName.h">
      <Filter>Header Files</Filter>
    </ClInclude>
    <ClInclude Include="GMsg_GetReportHdrs.h">
      <Filter>Header Files</Filter>
    </ClInclude>
    <ClInclude Include="GMsg_GiveItem.h">
      <Filter>Header Files</Filter>
    </ClInclude>
    <ClInclude Include="GMsg_GiveItemAck.h">
      <Filter>Header Files</Filter>
    </ClInclude>
    <ClInclude Include="GMsg_Goal.h">
      <Filter>Header Files</Filter>
    </ClInclude>
    <ClInclude Include="GMsg_GotoLevel.h">
      <Filter>Header Files</Filter>
    </ClInclude>
    <ClInclude Include="GMsg_GrantPPoint.h">
      <Filter>Header Files</Filter>
    </ClInclude>
    <ClInclude Include="GMsg_ItemDescription.h">
      <Filter>Header Files</Filter>
    </ClInclude>
    <ClInclude Include="GMsg_ItemDrop.h">
      <Filter>Header Files</Filter>
    </ClInclude>
    <ClInclude Include="GMsg_ItemPickup.h">
      <Filter>Header Files</Filter>
    </ClInclude>
    <ClInclude Include="GMsg_LevelPlayers.h">
      <Filter>Header Files</Filter>
    </ClInclude>
    <ClInclude Include="GMsg_LocateAvatar.h">
      <Filter>Header Files</Filter>
    </ClInclude>
    <ClInclude Include="GMsg_LocateAvatarAck.h">
      <Filter>Header Files</Filter>
    </ClInclude>
    <ClInclude Include="GMsg_LocateNewliesAck.h">
      <Filter>Header Files</Filter>
    </ClInclude>
    <ClInclude Include="GMsg_Login.h">
      <Filter>Header Files</Filter>
    </ClInclude>
    <ClInclude Include="GMsg_LoginAck.h">
      <Filter>Header Files</Filter>
    </ClInclude>
    <ClInclude Include="GMsg_Logout.h">
      <Filter>Header Files</Filter>
    </ClInclude>
    <ClInclude Include="GMsg_Ping.h">
      <Filter>Header Files</Filter>
    </ClInclude>
    <ClInclude Include="GMsg_PostGoal.h">
      <Filter>Header Files</Filter>
    </ClInclude>
    <ClInclude Include="GMsg_PostReport.h">
      <Filter>Header Files</Filter>
    </ClInclude>
    <ClInclude Include="GMsg_PPointAck.h">
      <Filter>Header Files</Filter>
    </ClInclude>
    <ClInclude Include="GMsg_PutItem.h">
      <Filter>Header Files</Filter>
    </ClInclude>
    <ClInclude Include="GMsg_RcvGoalbookHdr.h">
      <Filter>Header Files</Filter>
    </ClInclude>
    <ClInclude Include="GMsg_RcvGoalDetails.h">
      <Filter>Header Files</Filter>
    </ClInclude>
    <ClInclude Include="GMsg_RcvGoalHdr.h">
      <Filter>Header Files</Filter>
    </ClInclude>
    <ClInclude Include="GMsg_RcvGoalText.h">
      <Filter>Header Files</Filter>
    </ClInclude>
    <ClInclude Include="GMsg_RcvPlayerName.h">
      <Filter>Header Files</Filter>
    </ClInclude>
    <ClInclude Include="GMsg_RcvReportGoals.h">
      <Filter>Header Files</Filter>
    </ClInclude>
    <ClInclude Include="GMsg_RcvReportHdr.h">
      <Filter>Header Files</Filter>
    </ClInclude>
    <ClInclude Include="GMsg_RcvReportText.h">
      <Filter>Header Files</Filter>
    </ClInclude>
    <ClInclude Include="GMsg_SenseDreamersAck.h">
      <Filter>Header Files</Filter>
    </ClInclude>
    <ClInclude Include="GMsg_ServerDown.h">
      <Filter>Header Files</Filter>
    </ClInclude>
    <ClInclude Include="GMsg_SetAvatarDescription.h">
      <Filter>Header Files</Filter>
    </ClInclude>
    <ClInclude Include="GMsg_ShowItem.h">
      <Filter>Header Files</Filter>
    </ClInclude>
    <ClInclude Include="GMsg_SummonAvatar.h">
      <Filter>Header Files</Filter>
    </ClInclude>
    <ClInclude Include="GMsg_SummonAvatarAck.h">
      <Filter>Header Files</Filter>
    </ClInclude>
    <ClInclude Include="GMsg_TakeItem.h">
      <Filter>Header Files</Filter>
    </ClInclude>
    <ClInclude Include="GMsg_TakeItemAck.h">
      <Filter>Header Files</Filter>
    </ClInclude>
    <ClInclude Include="GMsg_UpdateItem.h">
      <Filter>Header Files</Filter>
    </ClInclude>
    <ClInclude Include="GMsg_UpdateStats.h">
      <Filter>Header Files</Filter>
    </ClInclude>
    <ClInclude Include="GMsg_UsePPoint.h">
      <Filter>Header Files</Filter>
    </ClInclude>
    <ClInclude Include="GMsg_ViewItem.h">
      <Filter>Header Files</Filter>
    </ClInclude>
  </ItemGroup>
  <ItemGroup>
    <CustomBuild Include="GMsg_AgentLogin.i">
      <Filter>Inline Files</Filter>
    </CustomBuild>
    <CustomBuild Include="GMsg_ChangeAvatar.i">
      <Filter>Inline Files</Filter>
    </CustomBuild>
    <CustomBuild Include="GMsg_ChangeStat.i">
      <Filter>Inline Files</Filter>
    </CustomBuild>
    <CustomBuild Include="GMsg_CreateItem.i">
      <Filter>Inline Files</Filter>
    </CustomBuild>
    <CustomBuild Include="GMsg_DestroyItem.i">
      <Filter>Inline Files</Filter>
    </CustomBuild>
    <CustomBuild Include="GMsg_DestroyRoomItem.i">
      <Filter>Inline Files</Filter>
    </CustomBuild>
    <CustomBuild Include="GMsg_Error.i">
      <Filter>Inline Files</Filter>
    </CustomBuild>
    <CustomBuild Include="GMsg_GetGoalHdrs.i">
      <Filter>Inline Files</Filter>
    </CustomBuild>
    <CustomBuild Include="GMsg_GetItem.i">
      <Filter>Inline Files</Filter>
    </CustomBuild>
    <CustomBuild Include="GMsg_GetItemDescription.i">
      <Filter>Inline Files</Filter>
    </CustomBuild>
    <CustomBuild Include="GMsg_GetLevelPlayers.i">
      <Filter>Inline Files</Filter>
    </CustomBuild>
    <CustomBuild Include="GMsg_GetPlayerName.i">
      <Filter>Inline Files</Filter>
    </CustomBuild>
    <CustomBuild Include="GMsg_GetReportHdrs.i">
      <Filter>Inline Files</Filter>
    </CustomBuild>
    <CustomBuild Include="GMsg_GiveItem.i">
      <Filter>Inline Files</Filter>
    </CustomBuild>
    <CustomBuild Include="GMsg_GiveItemAck.i">
      <Filter>Inline Files</Filter>
    </CustomBuild>
    <CustomBuild Include="GMsg_Goal.i">
      <Filter>Inline Files</Filter>
    </CustomBuild>
    <CustomBuild Include="GMsg_GotoLevel.i">
      <Filter>Inline Files</Filter>
    </CustomBuild>
    <CustomBuild Include="GMsg_GrantPPoint.i">
      <Filter>Inline Files</Filter>
    </CustomBuild>
    <CustomBuild Include="GMsg_ItemDescription.i">
      <Filter>Inline Files</Filter>
    </CustomBuild>
    <CustomBuild Include="GMsg_ItemDrop.i">
      <Filter>Inline Files</Filter>
    </CustomBuild>
    <CustomBuild Include="GMsg_ItemPickup.i">
      <Filter>Inline Files</Filter>
    </CustomBuild>
    <CustomBuild Include="GMsg_LevelPlayers.i">
      <Filter>Inline Files</Filter>
    </CustomBuild>
    <CustomBuild Include="GMsg_LocateAvatar.i">
      <Filter>Inline Files</Filter>
    </CustomBuild>
    <CustomBuild Include="GMsg_LocateAvatarAck.i">
      <Filter>Inline Files</Filter>
    </CustomBuild>
    <CustomBuild Include="GMsg_LocateNewliesAck.i">
      <Filter>Inline Files</Filter>
    </CustomBuild>
    <CustomBuild Include="GMsg_Login.i">
      <Filter>Inline Files</Filter>
    </CustomBuild>
    <CustomBuild Include="GMsg_LoginAck.i">
      <Filter>Inline Files</Filter>
    </CustomBuild>
    <CustomBuild Include="GMsg_Logout.i">
      <Filter>Inline Files</Filter>
    </CustomBuild>
    <CustomBuild Include="GMsg_Ping.i">
      <Filter>Inline Files</Filter>
    </CustomBuild>
    <CustomBuild Include="GMsg_PostGoal.i">
      <Filter>Inline Files</Filter>
    </CustomBuild>
    <CustomBuild Include="GMsg_PostReport.i">
      <Filter>Inline Files</Filter>
    </CustomBuild>
    <CustomBuild Include="GMsg_PPointAck.i">
      <Filter>Inline Files</Filter>
    </CustomBuild>
    <CustomBuild Include="GMsg_PutItem.i">
      <Filter>Inline Files</Filter>
    </CustomBuild>
    <CustomBuild Include="GMsg_RcvGoalbookHdr.i">
      <Filter>Inline Files</Filter>
    </CustomBuild>
    <CustomBuild Include="GMsg_RcvGoalDetails.i">
      <Filter>Inline Files</Filter>
    </CustomBuild>
    <CustomBuild Include="GMsg_RcvGoalHdr.i">
      <Filter>Inline Files</Filter>
    </CustomBuild>
    <CustomBuild Include="GMsg_RcvGoalText.i">
      <Filter>Inline Files</Filter>
    </CustomBuild>
    <CustomBuild Include="GMsg_RcvPlayerName.i">
      <Filter>Inline Files</Filter>
    </CustomBuild>
    <CustomBuild Include="GMsg_RcvReportGoals.i">
      <Filter>Inline Files</Filter>
    </CustomBuild>
    <CustomBuild Include="GMsg_RcvReportHdr.i">
      <Filter>Inline Files</Filter>
    </CustomBuild>
    <CustomBuild Include="GMsg_RcvReportText.i">
      <Filter>Inline Files</Filter>
    </CustomBuild>
    <CustomBuild Include="GMsg_SenseDreamersAck.i">
      <Filter>Inline Files</Filter>
    </CustomBuild>
    <CustomBuild Include="GMsg_ServerDown.i">
      <Filter>Inline Files</Filter>
    </CustomBuild>
    <CustomBuild Include="GMsg_SetAvatarDescription.i">
      <Filter>Inline Files</Filter>
    </CustomBuild>
    <CustomBuild Include="GMsg_ShowItem.i">
      <Filter>Inline Files</Filter>
    </CustomBuild>
    <CustomBuild Include="GMsg_SummonAvatar.i">
      <Filter>Inline Files</Filter>
    </CustomBuild>
    <CustomBuild Include="GMsg_SummonAvatarAck.i">
      <Filter>Inline Files</Filter>
    </CustomBuild>
    <CustomBuild Include="GMsg_TakeItem.i">
      <Filter>Inline Files</Filter>
    </CustomBuild>
    <CustomBuild Include="GMsg_TakeItemAck.i">
      <Filter>Inline Files</Filter>
    </CustomBuild>
    <CustomBuild Include="GMsg_UpdateItem.i">
      <Filter>Inline Files</Filter>
    </CustomBuild>
    <CustomBuild Include="GMsg_UpdateStats.i">
      <Filter>Inline Files</Filter>
    </CustomBuild>
    <CustomBuild Include="GMsg_UsePPoint.i">
      <Filter>Inline Files</Filter>
    </CustomBuild>
    <CustomBuild Include="GMsg_ViewItem.i">
      <Filter>Inline Files</Filter>
    </CustomBuild>
  </ItemGroup>
</Project>