<?xml version="1.0" encoding="utf-8"?>
<Project ToolsVersion="4.0" xmlns="http://schemas.microsoft.com/developer/msbuild/2003">
  <ItemGroup>
    <Filter Include="Source Files">
      <UniqueIdentifier>{4FC737F1-C7A5-4376-A066-2A32D752A2FF}</UniqueIdentifier>
      <Extensions>cpp;c;cc;cxx;def;odl;idl;hpj;bat;asm;asmx</Extensions>
    </Filter>
    <Filter Include="Header Files">
      <UniqueIdentifier>{93995380-89BD-4b04-88EB-625FBE52EBFB}</UniqueIdentifier>
      <Extensions>h;hh;hpp;hxx;hm;inl;inc;xsd</Extensions>
    </Filter>
    <Filter Include="Resource Files">
      <UniqueIdentifier>{67DA6AB6-F800-4c08-8B7A-83BB121AAD01}</UniqueIdentifier>
      <Extensions>rc;ico;cur;bmp;dlg;rc2;rct;bin;rgs;gif;jpg;jpeg;jpe;resx;tiff;tif;png;wav</Extensions>
    </Filter>
  </ItemGroup>
  <ItemGroup>
    <ClCompile Include="server\masterd\Main.cpp">
      <Filter>Source Files</Filter>
    </ClCompile>
    <ClCompile Include="server\masterd\MsMain.cpp">
      <Filter>Source Files</Filter>
    </ClCompile>
    <ClCompile Include="server\masterd\MsServerInfo.cpp">
      <Filter>Source Files</Filter>
    </ClCompile>
    <ClCompile Include="server\gamed\GsForwardThread.cpp">
      <Filter>Source Files</Filter>
    </ClCompile>
    <ClCompile Include="server\gamed\GsGameThread.cpp">
      <Filter>Source Files</Filter>
    </ClCompile>
    <ClCompile Include="server\gamed\GsInputDispatch.cpp">
      <Filter>Source Files</Filter>
    </ClCompile>
    <ClCompile Include="server\gamed\GsLevelSet.cpp">
      <Filter>Source Files</Filter>
    </ClCompile>
    <ClCompile Include="server\gamed\GsMain.cpp">
      <Filter>Source Files</Filter>
    </ClCompile>
    <ClCompile Include="server\gamed\GsMessageReader.cpp">
      <Filter>Source Files</Filter>
    </ClCompile>
    <ClCompile Include="server\gamed\GsNetworkInput.cpp">
      <Filter>Source Files</Filter>
    </ClCompile>
    <ClCompile Include="server\gamed\GsNetworkOutput.cpp">
      <Filter>Source Files</Filter>
    </ClCompile>
    <ClCompile Include="server\gamed\GsOutputDispatch.cpp">
      <Filter>Source Files</Filter>
    </ClCompile>
    <ClCompile Include="server\gamed\GsPlayer.cpp">
      <Filter>Source Files</Filter>
    </ClCompile>
    <ClCompile Include="server\gamed\GsPlayer1.cpp">
      <Filter>Source Files</Filter>
    </ClCompile>
    <ClCompile Include="server\gamed\GsPlayer2.cpp">
      <Filter>Source Files</Filter>
    </ClCompile>
    <ClCompile Include="server\gamed\GsPlayer3.cpp">
      <Filter>Source Files</Filter>
    </ClCompile>
    <ClCompile Include="server\gamed\GsPlayer4.cpp">
      <Filter>Source Files</Filter>
    </ClCompile>
    <ClCompile Include="server\gamed\GsPlayerSet.cpp">
      <Filter>Source Files</Filter>
    </ClCompile>
    <ClCompile Include="server\gamed\GsPlayerThread.cpp">
      <Filter>Source Files</Filter>
    </ClCompile>
    <ClCompile Include="server\gamed\GsPlayerThread1.cpp">
      <Filter>Source Files</Filter>
    </ClCompile>
    <ClCompile Include="server\gamed\GsPlayerThread2.cpp">
      <Filter>Source Files</Filter>
    </ClCompile>
    <ClCompile Include="server\gamed\GsPlayerThread3.cpp">
      <Filter>Source Files</Filter>
    </ClCompile>
    <ClCompile Include="server\gamed\GsPlayerThread4.cpp">
      <Filter>Source Files</Filter>
    </ClCompile>
    <ClCompile Include="server\gamed\GsPlayerThreadSet.cpp">
      <Filter>Source Files</Filter>
    </ClCompile>
    <ClCompile Include="server\gamed\GsPositionThread.cpp">
      <Filter>Source Files</Filter>
    </ClCompile>
    <ClCompile Include="server\gamed\GsSignalThread.cpp">
      <Filter>Source Files</Filter>
    </ClCompile>
    <ClCompile Include="server\gamed\GsUtil.cpp">
      <Filter>Source Files</Filter>
    </ClCompile>
    <ClCompile Include="server\gamed\Main.cpp">
      <Filter>Source Files</Filter>
    </ClCompile>
    <ClCompile Include="server\leveld\LsCodexText.cpp">
      <Filter>Source Files</Filter>
    </ClCompile>
    <ClCompile Include="server\leveld\LsComputeGroups.cpp">
      <Filter>Source Files</Filter>
    </ClCompile>
    <ClCompile Include="server\leveld\LsInputDispatch.cpp">
      <Filter>Source Files</Filter>
    </ClCompile>
    <ClCompile Include="server\leveld\LsItemGen.cpp">
      <Filter>Source Files</Filter>
    </ClCompile>
    <ClCompile Include="server\leveld\LsLevelSerials.cpp">
      <Filter>Source Files</Filter>
    </ClCompile>
    <ClCompile Include="server\leveld\LsLevelState.cpp">
      <Filter>Source Files</Filter>
    </ClCompile>
    <ClCompile Include="server\leveld\LsLevelThread.cpp">
      <Filter>Source Files</Filter>
    </ClCompile>
    <ClCompile Include="server\leveld\LsMain.cpp">
      <Filter>Source Files</Filter>
    </ClCompile>
    <ClCompile Include="server\leveld\LsMessageReader.cpp">
      <Filter>Source Files</Filter>
    </ClCompile>
    <ClCompile Include="server\leveld\LsNetworkInput.cpp">
      <Filter>Source Files</Filter>
    </ClCompile>
    <ClCompile Include="server\leveld\LsNetworkOutput.cpp">
      <Filter>Source Files</Filter>
    </ClCompile>
    <ClCompile Include="server\leveld\LsOutputDispatch.cpp">
      <Filter>Source Files</Filter>
    </ClCompile>
    <ClCompile Include="server\leveld\LsPlayer.cpp">
      <Filter>Source Files</Filter>
    </ClCompile>
    <ClCompile Include="server\leveld\LsPlayerSet.cpp">
      <Filter>Source Files</Filter>
    </ClCompile>
    <ClCompile Include="server\leveld\LsPositionThread.cpp">
      <Filter>Source Files</Filter>
    </ClCompile>
    <ClCompile Include="server\leveld\LsRoomState.cpp">
      <Filter>Source Files</Filter>
    </ClCompile>
    <ClCompile Include="server\leveld\LsRoomThread.cpp">
      <Filter>Source Files</Filter>
    </ClCompile>
    <ClCompile Include="server\leveld\LsRoomThread1.cpp">
      <Filter>Source Files</Filter>
    </ClCompile>
    <ClCompile Include="server\leveld\LsRoomThread2.cpp">
      <Filter>Source Files</Filter>
    </ClCompile>
    <ClCompile Include="server\leveld\LsRoomThread3.cpp">
      <Filter>Source Files</Filter>
    </ClCompile>
    <ClCompile Include="server\leveld\LsSignalThread.cpp">
      <Filter>Source Files</Filter>
    </ClCompile>
    <ClCompile Include="server\leveld\LsUtil.cpp">
      <Filter>Source Files</Filter>
    </ClCompile>
    <ClCompile Include="server\leveld\Main.cpp">
      <Filter>Source Files</Filter>
    </ClCompile>
  </ItemGroup>
  <ItemGroup>
    <ClInclude Include="server\masterd\MsMain.h">
      <Filter>Header Files</Filter>
    </ClInclude>
    <ClInclude Include="server\masterd\MsServerInfo.h">
      <Filter>Header Files</Filter>
    </ClInclude>
    <ClInclude Include="server\gamed\GsForwardThread.h">
      <Filter>Header Files</Filter>
    </ClInclude>
    <ClInclude Include="server\gamed\GsGameThread.h">
      <Filter>Header Files</Filter>
    </ClInclude>
    <ClInclude Include="server\gamed\GsInputDispatch.h">
      <Filter>Header Files</Filter>
    </ClInclude>
    <ClInclude Include="server\gamed\GsLevelSet.h">
      <Filter>Header Files</Filter>
    </ClInclude>
    <ClInclude Include="server\gamed\GsMacros.h">
      <Filter>Header Files</Filter>
    </ClInclude>
    <ClInclude Include="server\gamed\GsMain.h">
      <Filter>Header Files</Filter>
    </ClInclude>
    <ClInclude Include="server\gamed\GsMessageReader.h">
      <Filter>Header Files</Filter>
    </ClInclude>
    <ClInclude Include="server\gamed\GsNetworkInput.h">
      <Filter>Header Files</Filter>
    </ClInclude>
    <ClInclude Include="server\gamed\GsNetworkOutput.h">
      <Filter>Header Files</Filter>
    </ClInclude>
    <ClInclude Include="server\gamed\GsOutputDispatch.h">
      <Filter>Header Files</Filter>
    </ClInclude>
    <ClInclude Include="server\gamed\GsPlayer.h">
      <Filter>Header Files</Filter>
    </ClInclude>
    <ClInclude Include="server\gamed\GsPlayerList.h">
      <Filter>Header Files</Filter>
    </ClInclude>
    <ClInclude Include="server\gamed\GsPlayerSet.h">
      <Filter>Header Files</Filter>
    </ClInclude>
    <ClInclude Include="server\gamed\GsPlayerThread.h">
      <Filter>Header Files</Filter>
    </ClInclude>
    <ClInclude Include="server\gamed\GsPlayerThreadSet.h">
      <Filter>Header Files</Filter>
    </ClInclude>
    <ClInclude Include="server\gamed\GsPositionThread.h">
      <Filter>Header Files</Filter>
    </ClInclude>
    <ClInclude Include="server\gamed\GsSignalThread.h">
      <Filter>Header Files</Filter>
    </ClInclude>
    <ClInclude Include="server\gamed\GsUtil.h">
      <Filter>Header Files</Filter>
    </ClInclude>
    <ClInclude Include="server\gamed\resource.h">
      <Filter>Header Files</Filter>
    </ClInclude>
    <ClInclude Include="server\leveld\LsCodexText.h">
      <Filter>Header Files</Filter>
    </ClInclude>
    <ClInclude Include="server\leveld\LsComputeGroups.h">
      <Filter>Header Files</Filter>
    </ClInclude>
    <ClInclude Include="server\leveld\LsInputDispatch.h">
      <Filter>Header Files</Filter>
    </ClInclude>
    <ClInclude Include="server\leveld\LsItemGen.h">
      <Filter>Header Files</Filter>
    </ClInclude>
    <ClInclude Include="server\leveld\LsLevelSerials.h">
      <Filter>Header Files</Filter>
    </ClInclude>
    <ClInclude Include="server\leveld\LsLevelState.h">
      <Filter>Header Files</Filter>
    </ClInclude>
    <ClInclude Include="server\leveld\LsLevelThread.h">
      <Filter>Header Files</Filter>
    </ClInclude>
    <ClInclude Include="server\leveld\LsMacros.h">
      <Filter>Header Files</Filter>
    </ClInclude>
    <ClInclude Include="server\leveld\LsMain.h">
      <Filter>Header Files</Filter>
    </ClInclude>
    <ClInclude Include="server\leveld\LsMessageReader.h">
      <Filter>Header Files</Filter>
    </ClInclude>
    <ClInclude Include="server\leveld\LsNetworkInput.h">
      <Filter>Header Files</Filter>
    </ClInclude>
    <ClInclude Include="server\leveld\LsNetworkOutput.h">
      <Filter>Header Files</Filter>
    </ClInclude>
    <ClInclude Include="server\leveld\LsOutputDispatch.h">
      <Filter>Header Files</Filter>
    </ClInclude>
    <ClInclude Include="server\leveld\LsPlayer.h">
      <Filter>Header Files</Filter>
    </ClInclude>
    <ClInclude Include="server\leveld\LsPlayerList.h">
      <Filter>Header Files</Filter>
    </ClInclude>
    <ClInclude Include="server\leveld\LsPlayerSet.h">
      <Filter>Header Files</Filter>
    </ClInclude>
    <ClInclude Include="server\leveld\LsPositionThread.h">
      <Filter>Header Files</Filter>
    </ClInclude>
    <ClInclude Include="server\leveld\LsRoomState.h">
      <Filter>Header Files</Filter>
    </ClInclude>
    <ClInclude Include="server\leveld\LsRoomThread.h">
      <Filter>Header Files</Filter>
    </ClInclude>
    <ClInclude Include="server\leveld\LsSignalThread.h">
      <Filter>Header Files</Filter>
    </ClInclude>
    <ClInclude Include="server\leveld\LsUtil.h">
      <Filter>Header Files</Filter>
    </ClInclude>
  </ItemGroup>
</Project>