
Microsoft Visual Studio Solution File, Format Version 12.00
# Visual Studio 2013
VisualStudioVersion = 12.0.31101.0
MinimumVisualStudioVersion = 10.0.40219.1
Project("{8BC9CEB8-8B4A-11D0-8D11-00A0C91BC942}") = "DB", "libsrc\db\DB.vcxproj", "{5822F66A-8603-45DC-BE6D-8A550A119E9F}"
EndProject
Project("{8BC9CEB8-8B4A-11D0-8D11-00A0C91BC942}") = "DBI_MySQL", "libsrc\DBI_MySQL\DBI_MySQL.vcxproj", "{23E178C5-1A88-4B16-BC67-B3315B5A279E}"
EndProject
Project("{8BC9CEB8-8B4A-11D0-8D11-00A0C91BC942}") = "DBI_gdbm", "libsrc\dbi_gdbm\DBI_gdbm.vcxproj", "{546DE9BC-215F-4495-A862-27C302861BB0}"
EndProject
Project("{8BC9CEB8-8B4A-11D0-8D11-00A0C91BC942}") = "FTPAddIn", "FTPAddIn\FTPAddIn.vcxproj", "{8D910D02-5C2B-4B17-9240-C836B771A3A1}"
EndProject
Project("{8BC9CEB8-8B4A-11D0-8D11-00A0C91BC942}") = "GMsg", "libsrc\gmsg\GMsg.vcxproj", "{6EC1F850-B10B-4762-B698-904675510528}"
EndProject
Project("{8BC9CEB8-8B4A-11D0-8D11-00A0C91BC942}") = "GameD", "server\gamed\GameD.vcxproj", "{4D312C81-6C09-4675-90B9-D3E739B51639}"
EndProject
Project("{8BC9CEB8-8B4A-11D0-8D11-00A0C91BC942}") = "LevelD", "server\leveld\LevelD.vcxproj", "{41C9BF45-5950-400B-9725-F75CF8D2A212}"
EndProject
Project("{8BC9CEB8-8B4A-11D0-8D11-00A0C91BC942}") = "Net", "libsrc\net\Net.vcxproj", "{E543C54F-C7CC-4A06-B90A-52EB89536F87}"
EndProject
Project("{8BC9CEB8-8B4A-11D0-8D11-00A0C91BC942}") = "Private", "libsrc\private\Private.vcxproj", "{619F6EEE-3C62-4829-9248-C1207017C2E3}"
EndProject
Project("{8BC9CEB8-8B4A-11D0-8D11-00A0C91BC942}") = "Pth", "libsrc\pth\Pth.vcxproj", "{B60F21F2-BF6C-47E7-915D-7ABDDEDC194D}"
EndProject
Project("{8BC9CEB8-8B4A-11D0-8D11-00A0C91BC942}") = "rmsg", "libsrc\rmsg\RMsg.vcxproj", "{70566122-146C-4C72-B982-B04F1557CB93}"
EndProject
Project("{8BC9CEB8-8B4A-11D0-8D11-00A0C91BC942}") = "SMsg", "libsrc\smsg\SMsg.vcxproj", "{733C3106-B1A5-4550-B228-715C63D759B3}"
EndProject
Project("{8BC9CEB8-8B4A-11D0-8D11-00A0C91BC942}") = "Server", "libsrc\server\Server.vcxproj", "{36937984-302C-4055-AC66-D4FFC432F15F}"
EndProject
Project("{8BC9CEB8-8B4A-11D0-8D11-00A0C91BC942}") = "Shared", "libsrc\shared\Shared.vcxproj", "{903A5BBE-7E87-4B4D-B22B-3FEF781CA281}"
EndProject
Project("{8BC9CEB8-8B4A-11D0-8D11-00A0C91BC942}") = "Util", "libsrc\util\Util.vcxproj", "{49389ACA-5ED1-4144-B164-CCC72A0F42B4}"
EndProject
Project("{8BC9CEB8-8B4A-11D0-8D11-00A0C91BC942}") = "gdbm", "libsrc\gdbm\gdbm.vcxproj", "{C3F255A5-2681-4499-BB34-FD5E8C4E7F98}"
EndProject
Global
	GlobalSection(SolutionConfigurationPlatforms) = preSolution
		Debug|Win32 = Debug|Win32
		Release|Win32 = Release|Win32
		Template|Win32 = Template|Win32
		Unicode|Win32 = Unicode|Win32
	EndGlobalSection
	GlobalSection(ProjectConfigurationPlatforms) = postSolution
		{5822F66A-8603-45DC-BE6D-8A550A119E9F}.Debug|Win32.ActiveCfg = Debug|Win32
		{5822F66A-8603-45DC-BE6D-8A550A119E9F}.Debug|Win32.Build.0 = Debug|Win32
		{5822F66A-8603-45DC-BE6D-8A550A119E9F}.Release|Win32.ActiveCfg = Release|Win32
		{5822F66A-8603-45DC-BE6D-8A550A119E9F}.Release|Win32.Build.0 = Release|Win32
		{5822F66A-8603-45DC-BE6D-8A550A119E9F}.Template|Win32.ActiveCfg = Unicode|Win32
		{5822F66A-8603-45DC-BE6D-8A550A119E9F}.Template|Win32.Build.0 = Unicode|Win32
		{5822F66A-8603-45DC-BE6D-8A550A119E9F}.Unicode|Win32.ActiveCfg = Unicode|Win32
		{5822F66A-8603-45DC-BE6D-8A550A119E9F}.Unicode|Win32.Build.0 = Unicode|Win32
		{23E178C5-1A88-4B16-BC67-B3315B5A279E}.Debug|Win32.ActiveCfg = Debug|Win32
		{23E178C5-1A88-4B16-BC67-B3315B5A279E}.Debug|Win32.Build.0 = Debug|Win32
		{23E178C5-1A88-4B16-BC67-B3315B5A279E}.Release|Win32.ActiveCfg = Release|Win32
		{23E178C5-1A88-4B16-BC67-B3315B5A279E}.Release|Win32.Build.0 = Release|Win32
		{23E178C5-1A88-4B16-BC67-B3315B5A279E}.Template|Win32.ActiveCfg = Template|Win32
		{23E178C5-1A88-4B16-BC67-B3315B5A279E}.Template|Win32.Build.0 = Template|Win32
		{23E178C5-1A88-4B16-BC67-B3315B5A279E}.Unicode|Win32.ActiveCfg = Unicode|Win32
		{23E178C5-1A88-4B16-BC67-B3315B5A279E}.Unicode|Win32.Build.0 = Unicode|Win32
		{546DE9BC-215F-4495-A862-27C302861BB0}.Debug|Win32.ActiveCfg = Debug|Win32
		{546DE9BC-215F-4495-A862-27C302861BB0}.Debug|Win32.Build.0 = Debug|Win32
		{546DE9BC-215F-4495-A862-27C302861BB0}.Release|Win32.ActiveCfg = Release|Win32
		{546DE9BC-215F-4495-A862-27C302861BB0}.Release|Win32.Build.0 = Release|Win32
		{546DE9BC-215F-4495-A862-27C302861BB0}.Template|Win32.ActiveCfg = Template|Win32
		{546DE9BC-215F-4495-A862-27C302861BB0}.Template|Win32.Build.0 = Template|Win32
		{546DE9BC-215F-4495-A862-27C302861BB0}.Unicode|Win32.ActiveCfg = Unicode|Win32
		{546DE9BC-215F-4495-A862-27C302861BB0}.Unicode|Win32.Build.0 = Unicode|Win32
		{8D910D02-5C2B-4B17-9240-C836B771A3A1}.Debug|Win32.ActiveCfg = Debug|Win32
		{8D910D02-5C2B-4B17-9240-C836B771A3A1}.Debug|Win32.Build.0 = Debug|Win32
		{8D910D02-5C2B-4B17-9240-C836B771A3A1}.Release|Win32.ActiveCfg = Release|Win32
		{8D910D02-5C2B-4B17-9240-C836B771A3A1}.Release|Win32.Build.0 = Release|Win32
		{8D910D02-5C2B-4B17-9240-C836B771A3A1}.Template|Win32.ActiveCfg = Template|Win32
		{8D910D02-5C2B-4B17-9240-C836B771A3A1}.Template|Win32.Build.0 = Template|Win32
		{8D910D02-5C2B-4B17-9240-C836B771A3A1}.Unicode|Win32.ActiveCfg = Unicode|Win32
		{8D910D02-5C2B-4B17-9240-C836B771A3A1}.Unicode|Win32.Build.0 = Unicode|Win32
		{6EC1F850-B10B-4762-B698-904675510528}.Debug|Win32.ActiveCfg = Debug|Win32
		{6EC1F850-B10B-4762-B698-904675510528}.Debug|Win32.Build.0 = Debug|Win32
		{6EC1F850-B10B-4762-B698-904675510528}.Release|Win32.ActiveCfg = Release|Win32
		{6EC1F850-B10B-4762-B698-904675510528}.Release|Win32.Build.0 = Release|Win32
		{6EC1F850-B10B-4762-B698-904675510528}.Template|Win32.ActiveCfg = Template|Win32
		{6EC1F850-B10B-4762-B698-904675510528}.Template|Win32.Build.0 = Template|Win32
		{6EC1F850-B10B-4762-B698-904675510528}.Unicode|Win32.ActiveCfg = Unicode|Win32
		{6EC1F850-B10B-4762-B698-904675510528}.Unicode|Win32.Build.0 = Unicode|Win32
		{4D312C81-6C09-4675-90B9-D3E739B51639}.Debug|Win32.ActiveCfg = Debug|Win32
		{4D312C81-6C09-4675-90B9-D3E739B51639}.Debug|Win32.Build.0 = Debug|Win32
		{4D312C81-6C09-4675-90B9-D3E739B51639}.Release|Win32.ActiveCfg = Release|Win32
		{4D312C81-6C09-4675-90B9-D3E739B51639}.Release|Win32.Build.0 = Release|Win32
		{4D312C81-6C09-4675-90B9-D3E739B51639}.Template|Win32.ActiveCfg = Template|Win32
		{4D312C81-6C09-4675-90B9-D3E739B51639}.Template|Win32.Build.0 = Template|Win32
		{4D312C81-6C09-4675-90B9-D3E739B51639}.Unicode|Win32.ActiveCfg = Unicode|Win32
		{4D312C81-6C09-4675-90B9-D3E739B51639}.Unicode|Win32.Build.0 = Unicode|Win32
		{41C9BF45-5950-400B-9725-F75CF8D2A212}.Debug|Win32.ActiveCfg = Debug|Win32
		{41C9BF45-5950-400B-9725-F75CF8D2A212}.Debug|Win32.Build.0 = Debug|Win32
		{41C9BF45-5950-400B-9725-F75CF8D2A212}.Release|Win32.ActiveCfg = Release|Win32
		{41C9BF45-5950-400B-9725-F75CF8D2A212}.Release|Win32.Build.0 = Release|Win32
		{41C9BF45-5950-400B-9725-F75CF8D2A212}.Template|Win32.ActiveCfg = Template|Win32
		{41C9BF45-5950-400B-9725-F75CF8D2A212}.Template|Win32.Build.0 = Template|Win32
		{41C9BF45-5950-400B-9725-F75CF8D2A212}.Unicode|Win32.ActiveCfg = Unicode|Win32
		{41C9BF45-5950-400B-9725-F75CF8D2A212}.Unicode|Win32.Build.0 = Unicode|Win32
		{E543C54F-C7CC-4A06-B90A-52EB89536F87}.Debug|Win32.ActiveCfg = Debug|Win32
		{E543C54F-C7CC-4A06-B90A-52EB89536F87}.Debug|Win32.Build.0 = Debug|Win32
		{E543C54F-C7CC-4A06-B90A-52EB89536F87}.Release|Win32.ActiveCfg = Release|Win32
		{E543C54F-C7CC-4A06-B90A-52EB89536F87}.Release|Win32.Build.0 = Release|Win32
		{E543C54F-C7CC-4A06-B90A-52EB89536F87}.Template|Win32.ActiveCfg = Template|Win32
		{E543C54F-C7CC-4A06-B90A-52EB89536F87}.Template|Win32.Build.0 = Template|Win32
		{E543C54F-C7CC-4A06-B90A-52EB89536F87}.Unicode|Win32.ActiveCfg = Unicode|Win32
		{E543C54F-C7CC-4A06-B90A-52EB89536F87}.Unicode|Win32.Build.0 = Unicode|Win32
		{619F6EEE-3C62-4829-9248-C1207017C2E3}.Debug|Win32.ActiveCfg = Debug|Win32
		{619F6EEE-3C62-4829-9248-C1207017C2E3}.Debug|Win32.Build.0 = Debug|Win32
		{619F6EEE-3C62-4829-9248-C1207017C2E3}.Release|Win32.ActiveCfg = Release|Win32
		{619F6EEE-3C62-4829-9248-C1207017C2E3}.Release|Win32.Build.0 = Release|Win32
		{619F6EEE-3C62-4829-9248-C1207017C2E3}.Template|Win32.ActiveCfg = Template|Win32
		{619F6EEE-3C62-4829-9248-C1207017C2E3}.Template|Win32.Build.0 = Template|Win32
		{619F6EEE-3C62-4829-9248-C1207017C2E3}.Unicode|Win32.ActiveCfg = Unicode|Win32
		{619F6EEE-3C62-4829-9248-C1207017C2E3}.Unicode|Win32.Build.0 = Unicode|Win32
		{B60F21F2-BF6C-47E7-915D-7ABDDEDC194D}.Debug|Win32.ActiveCfg = Debug|Win32
		{B60F21F2-BF6C-47E7-915D-7ABDDEDC194D}.Debug|Win32.Build.0 = Debug|Win32
		{B60F21F2-BF6C-47E7-915D-7ABDDEDC194D}.Release|Win32.ActiveCfg = Release|Win32
		{B60F21F2-BF6C-47E7-915D-7ABDDEDC194D}.Release|Win32.Build.0 = Release|Win32
		{B60F21F2-BF6C-47E7-915D-7ABDDEDC194D}.Template|Win32.ActiveCfg = Template|Win32
		{B60F21F2-BF6C-47E7-915D-7ABDDEDC194D}.Template|Win32.Build.0 = Template|Win32
		{B60F21F2-BF6C-47E7-915D-7ABDDEDC194D}.Unicode|Win32.ActiveCfg = Unicode|Win32
		{B60F21F2-BF6C-47E7-915D-7ABDDEDC194D}.Unicode|Win32.Build.0 = Unicode|Win32
		{70566122-146C-4C72-B982-B04F1557CB93}.Debug|Win32.ActiveCfg = Debug|Win32
		{70566122-146C-4C72-B982-B04F1557CB93}.Debug|Win32.Build.0 = Debug|Win32
		{70566122-146C-4C72-B982-B04F1557CB93}.Release|Win32.ActiveCfg = Release|Win32
		{70566122-146C-4C72-B982-B04F1557CB93}.Release|Win32.Build.0 = Release|Win32
		{70566122-146C-4C72-B982-B04F1557CB93}.Template|Win32.ActiveCfg = Template|Win32
		{70566122-146C-4C72-B982-B04F1557CB93}.Template|Win32.Build.0 = Template|Win32
		{70566122-146C-4C72-B982-B04F1557CB93}.Unicode|Win32.ActiveCfg = Template|Win32
		{70566122-146C-4C72-B982-B04F1557CB93}.Unicode|Win32.Build.0 = Template|Win32
		{733C3106-B1A5-4550-B228-715C63D759B3}.Debug|Win32.ActiveCfg = Debug|Win32
		{733C3106-B1A5-4550-B228-715C63D759B3}.Debug|Win32.Build.0 = Debug|Win32
		{733C3106-B1A5-4550-B228-715C63D759B3}.Release|Win32.ActiveCfg = Release|Win32
		{733C3106-B1A5-4550-B228-715C63D759B3}.Release|Win32.Build.0 = Release|Win32
		{733C3106-B1A5-4550-B228-715C63D759B3}.Template|Win32.ActiveCfg = Template|Win32
		{733C3106-B1A5-4550-B228-715C63D759B3}.Template|Win32.Build.0 = Template|Win32
		{733C3106-B1A5-4550-B228-715C63D759B3}.Unicode|Win32.ActiveCfg = Unicode|Win32
		{733C3106-B1A5-4550-B228-715C63D759B3}.Unicode|Win32.Build.0 = Unicode|Win32
		{36937984-302C-4055-AC66-D4FFC432F15F}.Debug|Win32.ActiveCfg = Debug|Win32
		{36937984-302C-4055-AC66-D4FFC432F15F}.Debug|Win32.Build.0 = Debug|Win32
		{36937984-302C-4055-AC66-D4FFC432F15F}.Release|Win32.ActiveCfg = Release|Win32
		{36937984-302C-4055-AC66-D4FFC432F15F}.Release|Win32.Build.0 = Release|Win32
		{36937984-302C-4055-AC66-D4FFC432F15F}.Template|Win32.ActiveCfg = Template|Win32
		{36937984-302C-4055-AC66-D4FFC432F15F}.Template|Win32.Build.0 = Template|Win32
		{36937984-302C-4055-AC66-D4FFC432F15F}.Unicode|Win32.ActiveCfg = Unicode|Win32
		{36937984-302C-4055-AC66-D4FFC432F15F}.Unicode|Win32.Build.0 = Unicode|Win32
		{903A5BBE-7E87-4B4D-B22B-3FEF781CA281}.Debug|Win32.ActiveCfg = Debug|Win32
		{903A5BBE-7E87-4B4D-B22B-3FEF781CA281}.Debug|Win32.Build.0 = Debug|Win32
		{903A5BBE-7E87-4B4D-B22B-3FEF781CA281}.Release|Win32.ActiveCfg = Release|Win32
		{903A5BBE-7E87-4B4D-B22B-3FEF781CA281}.Release|Win32.Build.0 = Release|Win32
		{903A5BBE-7E87-4B4D-B22B-3FEF781CA281}.Template|Win32.ActiveCfg = Template|Win32
		{903A5BBE-7E87-4B4D-B22B-3FEF781CA281}.Template|Win32.Build.0 = Template|Win32
		{903A5BBE-7E87-4B4D-B22B-3FEF781CA281}.Unicode|Win32.ActiveCfg = Unicode|Win32
		{903A5BBE-7E87-4B4D-B22B-3FEF781CA281}.Unicode|Win32.Build.0 = Unicode|Win32
		{49389ACA-5ED1-4144-B164-CCC72A0F42B4}.Debug|Win32.ActiveCfg = Debug|Win32
		{49389ACA-5ED1-4144-B164-CCC72A0F42B4}.Debug|Win32.Build.0 = Debug|Win32
		{49389ACA-5ED1-4144-B164-CCC72A0F42B4}.Release|Win32.ActiveCfg = Release|Win32
		{49389ACA-5ED1-4144-B164-CCC72A0F42B4}.Release|Win32.Build.0 = Release|Win32
		{49389ACA-5ED1-4144-B164-CCC72A0F42B4}.Template|Win32.ActiveCfg = Template|Win32
		{49389ACA-5ED1-4144-B164-CCC72A0F42B4}.Template|Win32.Build.0 = Template|Win32
		{49389ACA-5ED1-4144-B164-CCC72A0F42B4}.Unicode|Win32.ActiveCfg = Unicode|Win32
		{49389ACA-5ED1-4144-B164-CCC72A0F42B4}.Unicode|Win32.Build.0 = Unicode|Win32
		{C3F255A5-2681-4499-BB34-FD5E8C4E7F98}.Debug|Win32.ActiveCfg = Debug|Win32
		{C3F255A5-2681-4499-BB34-FD5E8C4E7F98}.Debug|Win32.Build.0 = Debug|Win32
		{C3F255A5-2681-4499-BB34-FD5E8C4E7F98}.Release|Win32.ActiveCfg = Release|Win32
		{C3F255A5-2681-4499-BB34-FD5E8C4E7F98}.Release|Win32.Build.0 = Release|Win32
		{C3F255A5-2681-4499-BB34-FD5E8C4E7F98}.Template|Win32.ActiveCfg = Template|Win32
		{C3F255A5-2681-4499-BB34-FD5E8C4E7F98}.Template|Win32.Build.0 = Template|Win32
		{C3F255A5-2681-4499-BB34-FD5E8C4E7F98}.Unicode|Win32.ActiveCfg = Unicode|Win32
		{C3F255A5-2681-4499-BB34-FD5E8C4E7F98}.Unicode|Win32.Build.0 = Unicode|Win32
	EndGlobalSection
	GlobalSection(SolutionProperties) = preSolution
		HideSolutionNode = FALSE
	EndGlobalSection
EndGlobal
