<?xml version="1.0" encoding="utf-8"?>
<Project ToolsVersion="4.0" xmlns="http://schemas.microsoft.com/developer/msbuild/2003">
  <ItemGroup>
    <Filter Include="Source Files">
      <UniqueIdentifier>{4FC737F1-C7A5-4376-A066-2A32D752A2FF}</UniqueIdentifier>
      <Extensions>cpp;c;cc;cxx;def;odl;idl;hpj;bat;asm;asmx</Extensions>
    </Filter>
    <Filter Include="Header Files">
      <UniqueIdentifier>{93995380-89BD-4b04-88EB-625FBE52EBFB}</UniqueIdentifier>
      <Extensions>h;hh;hpp;hxx;hm;inl;inc;xsd</Extensions>
    </Filter>
    <Filter Include="Resource Files">
      <UniqueIdentifier>{67DA6AB6-F800-4c08-8B7A-83BB121AAD01}</UniqueIdentifier>
      <Extensions>rc;ico;cur;bmp;dlg;rc2;rct;bin;rgs;gif;jpg;jpeg;jpe;resx;tiff;tif;png;wav</Extensions>
    </Filter>
  </ItemGroup>
  <ItemGroup>
    <ClCompile Include="db\LmGlobalDB.cpp">
      <Filter>Source Files</Filter>
    </ClCompile>
    <ClCompile Include="db\LmGoalInfo.cpp">
      <Filter>Source Files</Filter>
    </ClCompile>
    <ClCompile Include="db\LmItemGenDB.cpp">
      <Filter>Source Files</Filter>
    </ClCompile>
    <ClCompile Include="db\LmPlayerDB.cpp">
      <Filter>Source Files</Filter>
    </ClCompile>
    <ClCompile Include="db\LmPlayerNameMap.cpp">
      <Filter>Source Files</Filter>
    </ClCompile>
    <ClCompile Include="db\LmRoomDB.cpp">
      <Filter>Source Files</Filter>
    </ClCompile>
    <ClCompile Include="dbi_gdbm\LmPlayerDBF.cpp">
      <Filter>Source Files</Filter>
    </ClCompile>
    <ClCompile Include="dbi_mysql\LmBillingDBC.cpp">
      <Filter>Source Files</Filter>
    </ClCompile>
    <ClCompile Include="dbi_mysql\LmGuildDBC.cpp">
      <Filter>Source Files</Filter>
    </ClCompile>
    <ClCompile Include="dbi_mysql\LmItemDBC.cpp">
      <Filter>Source Files</Filter>
    </ClCompile>
    <ClCompile Include="dbi_mysql\LmLevelDBC.cpp">
      <Filter>Source Files</Filter>
    </ClCompile>
    <ClCompile Include="dbi_mysql\LmPlayerDBC.cpp">
      <Filter>Source Files</Filter>
    </ClCompile>
    <ClCompile Include="dbi_mysql\LmServerDBC.cpp">
      <Filter>Source Files</Filter>
    </ClCompile>
    <ClCompile Include="gdbm\Gdbm.cpp">
      <Filter>Source Files</Filter>
    </ClCompile>
    <ClCompile Include="gdbm\LmDatabase.cpp">
      <Filter>Source Files</Filter>
    </ClCompile>
    <ClCompile Include="gdbm\LmDatabaseKey.cpp">
      <Filter>Source Files</Filter>
    </ClCompile>
    <ClCompile Include="gmsg\GMsg_AgentLogin.cpp">
      <Filter>Source Files</Filter>
    </ClCompile>
    <ClCompile Include="gmsg\GMsg_ChangeAvatar.cpp">
      <Filter>Source Files</Filter>
    </ClCompile>
    <ClCompile Include="gmsg\GMsg_ChangeStat.cpp">
      <Filter>Source Files</Filter>
    </ClCompile>
    <ClCompile Include="gmsg\GMsg_CreateItem.cpp">
      <Filter>Source Files</Filter>
    </ClCompile>
    <ClCompile Include="gmsg\GMsg_DestroyItem.cpp">
      <Filter>Source Files</Filter>
    </ClCompile>
    <ClCompile Include="gmsg\GMsg_DestroyRoomItem.cpp">
      <Filter>Source Files</Filter>
    </ClCompile>
    <ClCompile Include="gmsg\GMsg_Error.cpp">
      <Filter>Source Files</Filter>
    </ClCompile>
    <ClCompile Include="gmsg\GMsg_GetGoalHdrs.cpp">
      <Filter>Source Files</Filter>
    </ClCompile>
    <ClCompile Include="gmsg\GMsg_GetItem.cpp">
      <Filter>Source Files</Filter>
    </ClCompile>
    <ClCompile Include="gmsg\GMsg_GetItemDescription.cpp">
      <Filter>Source Files</Filter>
    </ClCompile>
    <ClCompile Include="gmsg\GMsg_GetLevelPlayers.cpp">
      <Filter>Source Files</Filter>
    </ClCompile>
    <ClCompile Include="gmsg\GMsg_GetPlayerName.cpp">
      <Filter>Source Files</Filter>
    </ClCompile>
    <ClCompile Include="gmsg\GMsg_GetReportHdrs.cpp">
      <Filter>Source Files</Filter>
    </ClCompile>
    <ClCompile Include="gmsg\GMsg_GiveItem.cpp">
      <Filter>Source Files</Filter>
    </ClCompile>
    <ClCompile Include="gmsg\GMsg_GiveItemAck.cpp">
      <Filter>Source Files</Filter>
    </ClCompile>
    <ClCompile Include="gmsg\GMsg_Goal.cpp">
      <Filter>Source Files</Filter>
    </ClCompile>
    <ClCompile Include="gmsg\GMsg_GotoLevel.cpp">
      <Filter>Source Files</Filter>
    </ClCompile>
    <ClCompile Include="gmsg\GMsg_GrantPPoint.cpp">
      <Filter>Source Files</Filter>
    </ClCompile>
    <ClCompile Include="gmsg\GMsg_ItemDescription.cpp">
      <Filter>Source Files</Filter>
    </ClCompile>
    <ClCompile Include="gmsg\GMsg_ItemDrop.cpp">
      <Filter>Source Files</Filter>
    </ClCompile>
    <ClCompile Include="gmsg\GMsg_ItemPickup.cpp">
      <Filter>Source Files</Filter>
    </ClCompile>
    <ClCompile Include="gmsg\GMsg_LevelPlayers.cpp">
      <Filter>Source Files</Filter>
    </ClCompile>
    <ClCompile Include="gmsg\GMsg_LocateAvatar.cpp">
      <Filter>Source Files</Filter>
    </ClCompile>
    <ClCompile Include="gmsg\GMsg_LocateAvatarAck.cpp">
      <Filter>Source Files</Filter>
    </ClCompile>
    <ClCompile Include="gmsg\GMsg_LocateMaresAck.cpp">
      <Filter>Source Files</Filter>
    </ClCompile>
    <ClCompile Include="gmsg\GMsg_LocateNewliesAck.cpp">
      <Filter>Source Files</Filter>
    </ClCompile>
    <ClCompile Include="gmsg\GMsg_Login.cpp">
      <Filter>Source Files</Filter>
    </ClCompile>
    <ClCompile Include="gmsg\GMsg_LoginAck.cpp">
      <Filter>Source Files</Filter>
    </ClCompile>
    <ClCompile Include="gmsg\GMsg_Logout.cpp">
      <Filter>Source Files</Filter>
    </ClCompile>
    <ClCompile Include="gmsg\GMsg_Ping.cpp">
      <Filter>Source Files</Filter>
    </ClCompile>
    <ClCompile Include="gmsg\GMsg_PostGoal.cpp">
      <Filter>Source Files</Filter>
    </ClCompile>
    <ClCompile Include="gmsg\GMsg_PostReport.cpp">
      <Filter>Source Files</Filter>
    </ClCompile>
    <ClCompile Include="gmsg\GMsg_PPointAck.cpp">
      <Filter>Source Files</Filter>
    </ClCompile>
    <ClCompile Include="gmsg\GMsg_PreLogin.cpp">
      <Filter>Source Files</Filter>
    </ClCompile>
    <ClCompile Include="gmsg\GMsg_PreLoginAck.cpp">
      <Filter>Source Files</Filter>
    </ClCompile>
    <ClCompile Include="gmsg\GMsg_PutItem.cpp">
      <Filter>Source Files</Filter>
    </ClCompile>
    <ClCompile Include="gmsg\GMsg_RcvGoalbookHdr.cpp">
      <Filter>Source Files</Filter>
    </ClCompile>
    <ClCompile Include="gmsg\GMsg_RcvGoalDetails.cpp">
      <Filter>Source Files</Filter>
    </ClCompile>
    <ClCompile Include="gmsg\GMsg_RcvGoalHdr.cpp">
      <Filter>Source Files</Filter>
    </ClCompile>
    <ClCompile Include="gmsg\GMsg_RcvGoalText.cpp">
      <Filter>Source Files</Filter>
    </ClCompile>
    <ClCompile Include="gmsg\GMsg_RcvPlayerName.cpp">
      <Filter>Source Files</Filter>
    </ClCompile>
    <ClCompile Include="gmsg\GMsg_RcvReportGoals.cpp">
      <Filter>Source Files</Filter>
    </ClCompile>
    <ClCompile Include="gmsg\GMsg_RcvReportHdr.cpp">
      <Filter>Source Files</Filter>
    </ClCompile>
    <ClCompile Include="gmsg\GMsg_RcvReportText.cpp">
      <Filter>Source Files</Filter>
    </ClCompile>
    <ClCompile Include="gmsg\GMsg_SenseDreamersAck.cpp">
      <Filter>Source Files</Filter>
    </ClCompile>
    <ClCompile Include="gmsg\GMsg_ServerDown.cpp">
      <Filter>Source Files</Filter>
    </ClCompile>
    <ClCompile Include="gmsg\GMsg_SetAvatarDescription.cpp">
      <Filter>Source Files</Filter>
    </ClCompile>
    <ClCompile Include="gmsg\GMsg_ShowItem.cpp">
      <Filter>Source Files</Filter>
    </ClCompile>
    <ClCompile Include="gmsg\GMsg_SummonAvatar.cpp">
      <Filter>Source Files</Filter>
    </ClCompile>
    <ClCompile Include="gmsg\GMsg_SummonAvatarAck.cpp">
      <Filter>Source Files</Filter>
    </ClCompile>
    <ClCompile Include="gmsg\GMsg_TakeItem.cpp">
      <Filter>Source Files</Filter>
    </ClCompile>
    <ClCompile Include="gmsg\GMsg_TakeItemAck.cpp">
      <Filter>Source Files</Filter>
    </ClCompile>
    <ClCompile Include="gmsg\GMsg_UpdateItem.cpp">
      <Filter>Source Files</Filter>
    </ClCompile>
    <ClCompile Include="gmsg\GMsg_UpdateStats.cpp">
      <Filter>Source Files</Filter>
    </ClCompile>
    <ClCompile Include="gmsg\GMsg_UsePPoint.cpp">
      <Filter>Source Files</Filter>
    </ClCompile>
    <ClCompile Include="gmsg\GMsg_ViewItem.cpp">
      <Filter>Source Files</Filter>
    </ClCompile>
    <ClCompile Include="net\LmConnection.cpp">
      <Filter>Source Files</Filter>
    </ClCompile>
    <ClCompile Include="net\LmConnectionSet.cpp">
      <Filter>Source Files</Filter>
    </ClCompile>
    <ClCompile Include="net\LmSockAddr.cpp">
      <Filter>Source Files</Filter>
    </ClCompile>
    <ClCompile Include="net\LmSockAddrInet.cpp">
      <Filter>Source Files</Filter>
    </ClCompile>
    <ClCompile Include="net\LmSockAddrUnix.cpp">
      <Filter>Source Files</Filter>
    </ClCompile>
    <ClCompile Include="net\LmSocket.cpp">
      <Filter>Source Files</Filter>
    </ClCompile>
    <ClCompile Include="net\LmSockType.cpp">
      <Filter>Source Files</Filter>
    </ClCompile>
    <ClCompile Include="private\LmConnectionSetImp.cpp">
      <Filter>Source Files</Filter>
    </ClCompile>
    <ClCompile Include="private\LmMesgBufPoolImp.cpp">
      <Filter>Source Files</Filter>
    </ClCompile>
    <ClCompile Include="private\LmThreadMQ.cpp">
      <Filter>Source Files</Filter>
    </ClCompile>
    <ClCompile Include="pth\PTh.cpp">
      <Filter>Source Files</Filter>
    </ClCompile>
    <ClCompile Include="pth\PThAttr.cpp">
      <Filter>Source Files</Filter>
    </ClCompile>
    <ClCompile Include="pth\PThCond.cpp">
      <Filter>Source Files</Filter>
    </ClCompile>
    <ClCompile Include="pth\PThMutex.cpp">
      <Filter>Source Files</Filter>
    </ClCompile>
    <ClCompile Include="rmsg\RmRemotePlayer.cpp">
      <Filter>Source Files</Filter>
    </ClCompile>
    <ClCompile Include="rmsg\RMsg_ChangeAvatar.cpp">
      <Filter>Source Files</Filter>
    </ClCompile>
    <ClCompile Include="rmsg\RMsg_CupSummons.cpp">
      <Filter>Source Files</Filter>
    </ClCompile>
    <ClCompile Include="rmsg\RMsg_EnterRoom.cpp">
      <Filter>Source Files</Filter>
    </ClCompile>
    <ClCompile Include="rmsg\RMsg_Error.cpp">
      <Filter>Source Files</Filter>
    </ClCompile>
    <ClCompile Include="rmsg\RMsg_GetAvatarDescription.cpp">
      <Filter>Source Files</Filter>
    </ClCompile>
    <ClCompile Include="rmsg\RMsg_GetRoomDescription.cpp">
      <Filter>Source Files</Filter>
    </ClCompile>
    <ClCompile Include="rmsg\RMsg_GotoRoom.cpp">
      <Filter>Source Files</Filter>
    </ClCompile>
    <ClCompile Include="rmsg\RMsg_ItemDrop.cpp">
      <Filter>Source Files</Filter>
    </ClCompile>
    <ClCompile Include="rmsg\RMsg_ItemHdrDrop.cpp">
      <Filter>Source Files</Filter>
    </ClCompile>
    <ClCompile Include="rmsg\RMsg_ItemPickup.cpp">
      <Filter>Source Files</Filter>
    </ClCompile>
    <ClCompile Include="rmsg\RMsg_JoinedParty.cpp">
      <Filter>Source Files</Filter>
    </ClCompile>
    <ClCompile Include="rmsg\RMsg_LeaveRoom.cpp">
      <Filter>Source Files</Filter>
    </ClCompile>
    <ClCompile Include="rmsg\RMsg_LoginAck.cpp">
      <Filter>Source Files</Filter>
    </ClCompile>
    <ClCompile Include="rmsg\RMsg_Logout.cpp">
      <Filter>Source Files</Filter>
    </ClCompile>
    <ClCompile Include="rmsg\RMsg_NewlyAwakened.cpp">
      <Filter>Source Files</Filter>
    </ClCompile>
    <ClCompile Include="rmsg\RMsg_Party.cpp">
      <Filter>Source Files</Filter>
    </ClCompile>
    <ClCompile Include="rmsg\RMsg_PartyInfo.cpp">
      <Filter>Source Files</Filter>
    </ClCompile>
    <ClCompile Include="rmsg\RMsg_Ping.cpp">
      <Filter>Source Files</Filter>
    </ClCompile>
    <ClCompile Include="rmsg\RMsg_PlayerMsg.cpp">
      <Filter>Source Files</Filter>
    </ClCompile>
    <ClCompile Include="rmsg\RMsg_PlayerUpdate.cpp">
      <Filter>Source Files</Filter>
    </ClCompile>
    <ClCompile Include="rmsg\RMsg_RcvAvatarDescription.cpp">
      <Filter>Source Files</Filter>
    </ClCompile>
    <ClCompile Include="rmsg\RMsg_RoomDescription.cpp">
      <Filter>Source Files</Filter>
    </ClCompile>
    <ClCompile Include="rmsg\RMsg_RoomLoginAck.cpp">
      <Filter>Source Files</Filter>
    </ClCompile>
    <ClCompile Include="rmsg\RMsg_Speech.cpp">
      <Filter>Source Files</Filter>
    </ClCompile>
    <ClCompile Include="rmsg\RMsg_Update.cpp">
      <Filter>Source Files</Filter>
    </ClCompile>
    <ClCompile Include="server\LmDispatch.cpp">
      <Filter>Source Files</Filter>
    </ClCompile>
    <ClCompile Include="server\LmInventory.cpp">
      <Filter>Source Files</Filter>
    </ClCompile>
    <ClCompile Include="server\LmItemGen.cpp">
      <Filter>Source Files</Filter>
    </ClCompile>
    <ClCompile Include="server\LmItemGenColors.cpp">
      <Filter>Source Files</Filter>
    </ClCompile>
    <ClCompile Include="server\LmMesgBufPool.cpp">
      <Filter>Source Files</Filter>
    </ClCompile>
    <ClCompile Include="server\LmMessageReader.cpp">
      <Filter>Source Files</Filter>
    </ClCompile>
    <ClCompile Include="server\LmNetworkInput.cpp">
      <Filter>Source Files</Filter>
    </ClCompile>
    <ClCompile Include="server\LmNetworkOutput.cpp">
      <Filter>Source Files</Filter>
    </ClCompile>
    <ClCompile Include="server\LmParty.cpp">
      <Filter>Source Files</Filter>
    </ClCompile>
    <ClCompile Include="server\LmRoomItem.cpp">
      <Filter>Source Files</Filter>
    </ClCompile>
    <ClCompile Include="server\LmSignalThread.cpp">
      <Filter>Source Files</Filter>
    </ClCompile>
    <ClCompile Include="server\LmSrvMesgBuf.cpp">
      <Filter>Source Files</Filter>
    </ClCompile>
    <ClCompile Include="server\LmThread.cpp">
      <Filter>Source Files</Filter>
    </ClCompile>
    <ClCompile Include="server\LmThreadPool.cpp">
      <Filter>Source Files</Filter>
    </ClCompile>
    <ClCompile Include="shared\LmArts.cpp">
      <Filter>Source Files</Filter>
    </ClCompile>
    <ClCompile Include="shared\LmAvatar.cpp">
      <Filter>Source Files</Filter>
    </ClCompile>
    <ClCompile Include="shared\LmBit32.cpp">
      <Filter>Source Files</Filter>
    </ClCompile>
    <ClCompile Include="shared\LmItem.cpp">
      <Filter>Source Files</Filter>
    </ClCompile>
    <ClCompile Include="shared\LmItemDefs.cpp">
      <Filter>Source Files</Filter>
    </ClCompile>
    <ClCompile Include="shared\LmItemHdr.cpp">
      <Filter>Source Files</Filter>
    </ClCompile>
    <ClCompile Include="shared\LmMesg.cpp">
      <Filter>Source Files</Filter>
    </ClCompile>
    <ClCompile Include="shared\LmMesgBuf.cpp">
      <Filter>Source Files</Filter>
    </ClCompile>
    <ClCompile Include="shared\LmMesgHdr.cpp">
      <Filter>Source Files</Filter>
    </ClCompile>
    <ClCompile Include="shared\lmparty.cpp">
      <Filter>Source Files</Filter>
    </ClCompile>
    <ClCompile Include="shared\LmPeerUpdate.cpp">
      <Filter>Source Files</Filter>
    </ClCompile>
    <ClCompile Include="shared\LmPosition.cpp">
      <Filter>Source Files</Filter>
    </ClCompile>
    <ClCompile Include="shared\LmStats.cpp">
      <Filter>Source Files</Filter>
    </ClCompile>
    <ClCompile Include="shared\LnMD5.cpp">
      <Filter>Source Files</Filter>
    </ClCompile>
    <ClCompile Include="shared\LyraMessage.cpp">
      <Filter>Source Files</Filter>
    </ClCompile>
    <ClCompile Include="shared\md5.cpp">
      <Filter>Source Files</Filter>
    </ClCompile>
    <ClCompile Include="smsg\SMsg_ConnStatus.cpp">
      <Filter>Source Files</Filter>
    </ClCompile>
    <ClCompile Include="smsg\SMsg_DBQuery.cpp">
      <Filter>Source Files</Filter>
    </ClCompile>
    <ClCompile Include="smsg\SMsg_DBQueryAck.cpp">
      <Filter>Source Files</Filter>
    </ClCompile>
    <ClCompile Include="smsg\SMsg_DestroyRoomItem.cpp">
      <Filter>Source Files</Filter>
    </ClCompile>
    <ClCompile Include="smsg\SMsg_DS_Action.cpp">
      <Filter>Source Files</Filter>
    </ClCompile>
    <ClCompile Include="smsg\SMsg_DumpState.cpp">
      <Filter>Source Files</Filter>
    </ClCompile>
    <ClCompile Include="smsg\SMsg_Error.cpp">
      <Filter>Source Files</Filter>
    </ClCompile>
    <ClCompile Include="smsg\SMsg_GetItem.cpp">
      <Filter>Source Files</Filter>
    </ClCompile>
    <ClCompile Include="smsg\SMsg_GetLevelPlayers.cpp">
      <Filter>Source Files</Filter>
    </ClCompile>
    <ClCompile Include="smsg\SMsg_GetServerStatus.cpp">
      <Filter>Source Files</Filter>
    </ClCompile>
    <ClCompile Include="smsg\SMsg_GiveItem.cpp">
      <Filter>Source Files</Filter>
    </ClCompile>
    <ClCompile Include="smsg\SMsg_GiveItemAck.cpp">
      <Filter>Source Files</Filter>
    </ClCompile>
    <ClCompile Include="smsg\SMsg_GS_Action.cpp">
      <Filter>Source Files</Filter>
    </ClCompile>
    <ClCompile Include="smsg\SMsg_GS_Login.cpp">
      <Filter>Source Files</Filter>
    </ClCompile>
    <ClCompile Include="smsg\SMsg_GS_Logout.cpp">
      <Filter>Source Files</Filter>
    </ClCompile>
    <ClCompile Include="smsg\SMsg_ItemDrop.cpp">
      <Filter>Source Files</Filter>
    </ClCompile>
    <ClCompile Include="smsg\SMsg_ItemPickup.cpp">
      <Filter>Source Files</Filter>
    </ClCompile>
    <ClCompile Include="smsg\SMsg_LevelLogin.cpp">
      <Filter>Source Files</Filter>
    </ClCompile>
    <ClCompile Include="smsg\SMsg_LocateAvatar.cpp">
      <Filter>Source Files</Filter>
    </ClCompile>
    <ClCompile Include="smsg\SMsg_Login.cpp">
      <Filter>Source Files</Filter>
    </ClCompile>
    <ClCompile Include="smsg\SMsg_Logout.cpp">
      <Filter>Source Files</Filter>
    </ClCompile>
    <ClCompile Include="smsg\SMsg_LS_Action.cpp">
      <Filter>Source Files</Filter>
    </ClCompile>
    <ClCompile Include="smsg\SMsg_LS_Login.cpp">
      <Filter>Source Files</Filter>
    </ClCompile>
    <ClCompile Include="smsg\SMsg_PartyLeader.cpp">
      <Filter>Source Files</Filter>
    </ClCompile>
    <ClCompile Include="smsg\SMsg_Ping.cpp">
      <Filter>Source Files</Filter>
    </ClCompile>
    <ClCompile Include="smsg\SMsg_PlayerStatus.cpp">
      <Filter>Source Files</Filter>
    </ClCompile>
    <ClCompile Include="smsg\SMsg_Proxy.cpp">
      <Filter>Source Files</Filter>
    </ClCompile>
    <ClCompile Include="smsg\SMsg_PutItem.cpp">
      <Filter>Source Files</Filter>
    </ClCompile>
    <ClCompile Include="smsg\SMsg_RecvMesg.cpp">
      <Filter>Source Files</Filter>
    </ClCompile>
    <ClCompile Include="smsg\SMsg_ResetPort.cpp">
      <Filter>Source Files</Filter>
    </ClCompile>
    <ClCompile Include="smsg\SMsg_RotateLogs.cpp">
      <Filter>Source Files</Filter>
    </ClCompile>
    <ClCompile Include="smsg\SMsg_SendMesg.cpp">
      <Filter>Source Files</Filter>
    </ClCompile>
    <ClCompile Include="smsg\SMsg_ServerStatus.cpp">
      <Filter>Source Files</Filter>
    </ClCompile>
    <ClCompile Include="smsg\SMsg_SetAvatarDescription.cpp">
      <Filter>Source Files</Filter>
    </ClCompile>
    <ClCompile Include="smsg\SMsg_ShowItem.cpp">
      <Filter>Source Files</Filter>
    </ClCompile>
    <ClCompile Include="smsg\SMsg_TakeItemAck.cpp">
      <Filter>Source Files</Filter>
    </ClCompile>
    <ClCompile Include="util\LmAssert.cpp">
      <Filter>Source Files</Filter>
    </ClCompile>
    <ClCompile Include="util\LmFuncTimer.cpp">
      <Filter>Source Files</Filter>
    </ClCompile>
    <ClCompile Include="util\LmIdSet.cpp">
      <Filter>Source Files</Filter>
    </ClCompile>
    <ClCompile Include="util\LmLocker.cpp">
      <Filter>Source Files</Filter>
    </ClCompile>
    <ClCompile Include="util\LmLog.cpp">
      <Filter>Source Files</Filter>
    </ClCompile>
    <ClCompile Include="util\LmLogFile.cpp">
      <Filter>Source Files</Filter>
    </ClCompile>
    <ClCompile Include="util\LmLogSyslog.cpp">
      <Filter>Source Files</Filter>
    </ClCompile>
    <ClCompile Include="util\LmNew.cpp">
      <Filter>Source Files</Filter>
    </ClCompile>
    <ClCompile Include="util\LmRand.cpp">
      <Filter>Source Files</Filter>
    </ClCompile>
    <ClCompile Include="util\LmTimer.cpp">
      <Filter>Source Files</Filter>
    </ClCompile>
    <ClCompile Include="util\LmUtil.cpp">
      <Filter>Source Files</Filter>
    </ClCompile>
  </ItemGroup>
  <ItemGroup>
    <ClInclude Include="db\LmGlobalDB.h">
      <Filter>Header Files</Filter>
    </ClInclude>
    <ClInclude Include="db\LmGoalInfo.h">
      <Filter>Header Files</Filter>
    </ClInclude>
    <ClInclude Include="db\LmItemGenDB.h">
      <Filter>Header Files</Filter>
    </ClInclude>
    <ClInclude Include="db\LmPlayerDB.h">
      <Filter>Header Files</Filter>
    </ClInclude>
    <ClInclude Include="db\LmPlayerNameMap.h">
      <Filter>Header Files</Filter>
    </ClInclude>
    <ClInclude Include="db\LmRoomDB.h">
      <Filter>Header Files</Filter>
    </ClInclude>
    <ClInclude Include="dbi_gdbm\LmPlayerDBF.h">
      <Filter>Header Files</Filter>
    </ClInclude>
    <ClInclude Include="dbi_mysql\LmBillingDBC.h">
      <Filter>Header Files</Filter>
    </ClInclude>
    <ClInclude Include="dbi_mysql\LmGuildDBC.h">
      <Filter>Header Files</Filter>
    </ClInclude>
    <ClInclude Include="dbi_mysql\LmItemDBC.h">
      <Filter>Header Files</Filter>
    </ClInclude>
    <ClInclude Include="dbi_mysql\LmLevelDBC.h">
      <Filter>Header Files</Filter>
    </ClInclude>
    <ClInclude Include="dbi_mysql\LmPlayerDBC.h">
      <Filter>Header Files</Filter>
    </ClInclude>
    <ClInclude Include="dbi_mysql\LmServerDBC.h">
      <Filter>Header Files</Filter>
    </ClInclude>
    <ClInclude Include="gdbm\Gdbm.h">
      <Filter>Header Files</Filter>
    </ClInclude>
    <ClInclude Include="gdbm\LmDatabase.h">
      <Filter>Header Files</Filter>
    </ClInclude>
    <ClInclude Include="gdbm\LmDatabaseKey.h">
      <Filter>Header Files</Filter>
    </ClInclude>
    <ClInclude Include="gmsg\GMsg.h">
      <Filter>Header Files</Filter>
    </ClInclude>
    <ClInclude Include="gmsg\GMsg_AgentLogin.h">
      <Filter>Header Files</Filter>
    </ClInclude>
    <ClInclude Include="gmsg\GMsg_All.h">
      <Filter>Header Files</Filter>
    </ClInclude>
    <ClInclude Include="gmsg\GMsg_ChangeAvatar.h">
      <Filter>Header Files</Filter>
    </ClInclude>
    <ClInclude Include="gmsg\GMsg_ChangeStat.h">
      <Filter>Header Files</Filter>
    </ClInclude>
    <ClInclude Include="gmsg\GMsg_CreateItem.h">
      <Filter>Header Files</Filter>
    </ClInclude>
    <ClInclude Include="gmsg\GMsg_DestroyItem.h">
      <Filter>Header Files</Filter>
    </ClInclude>
    <ClInclude Include="gmsg\GMsg_DestroyRoomItem.h">
      <Filter>Header Files</Filter>
    </ClInclude>
    <ClInclude Include="gmsg\GMsg_Error.h">
      <Filter>Header Files</Filter>
    </ClInclude>
    <ClInclude Include="gmsg\GMsg_GetGoalHdrs.h">
      <Filter>Header Files</Filter>
    </ClInclude>
    <ClInclude Include="gmsg\GMsg_GetItem.h">
      <Filter>Header Files</Filter>
    </ClInclude>
    <ClInclude Include="gmsg\GMsg_GetItemDescription.h">
      <Filter>Header Files</Filter>
    </ClInclude>
    <ClInclude Include="gmsg\GMsg_GetLevelPlayers.h">
      <Filter>Header Files</Filter>
    </ClInclude>
    <ClInclude Include="gmsg\GMsg_GetPlayerName.h">
      <Filter>Header Files</Filter>
    </ClInclude>
    <ClInclude Include="gmsg\GMsg_GetReportHdrs.h">
      <Filter>Header Files</Filter>
    </ClInclude>
    <ClInclude Include="gmsg\GMsg_GiveItem.h">
      <Filter>Header Files</Filter>
    </ClInclude>
    <ClInclude Include="gmsg\GMsg_GiveItemAck.h">
      <Filter>Header Files</Filter>
    </ClInclude>
    <ClInclude Include="gmsg\GMsg_Goal.h">
      <Filter>Header Files</Filter>
    </ClInclude>
    <ClInclude Include="gmsg\GMsg_GotoLevel.h">
      <Filter>Header Files</Filter>
    </ClInclude>
    <ClInclude Include="gmsg\GMsg_GrantPPoint.h">
      <Filter>Header Files</Filter>
    </ClInclude>
    <ClInclude Include="gmsg\GMsg_ItemDescription.h">
      <Filter>Header Files</Filter>
    </ClInclude>
    <ClInclude Include="gmsg\GMsg_ItemDrop.h">
      <Filter>Header Files</Filter>
    </ClInclude>
    <ClInclude Include="gmsg\GMsg_ItemPickup.h">
      <Filter>Header Files</Filter>
    </ClInclude>
    <ClInclude Include="gmsg\GMsg_LevelPlayers.h">
      <Filter>Header Files</Filter>
    </ClInclude>
    <ClInclude Include="gmsg\GMsg_LocateAvatar.h">
      <Filter>Header Files</Filter>
    </ClInclude>
    <ClInclude Include="gmsg\GMsg_LocateAvatarAck.h">
      <Filter>Header Files</Filter>
    </ClInclude>
    <ClInclude Include="gmsg\GMsg_LocateMaresAck.h">
      <Filter>Header Files</Filter>
    </ClInclude>
    <ClInclude Include="gmsg\GMsg_LocateNewliesAck.h">
      <Filter>Header Files</Filter>
    </ClInclude>
    <ClInclude Include="gmsg\GMsg_Login.h">
      <Filter>Header Files</Filter>
    </ClInclude>
    <ClInclude Include="gmsg\GMsg_LoginAck.h">
      <Filter>Header Files</Filter>
    </ClInclude>
    <ClInclude Include="gmsg\GMsg_Logout.h">
      <Filter>Header Files</Filter>
    </ClInclude>
    <ClInclude Include="gmsg\GMsg_Ping.h">
      <Filter>Header Files</Filter>
    </ClInclude>
    <ClInclude Include="gmsg\GMsg_PostGoal.h">
      <Filter>Header Files</Filter>
    </ClInclude>
    <ClInclude Include="gmsg\GMsg_PostReport.h">
      <Filter>Header Files</Filter>
    </ClInclude>
    <ClInclude Include="gmsg\GMsg_PPointAck.h">
      <Filter>Header Files</Filter>
    </ClInclude>
    <ClInclude Include="gmsg\GMsg_PreLogin.h">
      <Filter>Header Files</Filter>
    </ClInclude>
    <ClInclude Include="gmsg\GMsg_PreLoginAck.h">
      <Filter>Header Files</Filter>
    </ClInclude>
    <ClInclude Include="gmsg\GMsg_PutItem.h">
      <Filter>Header Files</Filter>
    </ClInclude>
    <ClInclude Include="gmsg\GMsg_RcvGoalbookHdr.h">
      <Filter>Header Files</Filter>
    </ClInclude>
    <ClInclude Include="gmsg\GMsg_RcvGoalDetails.h">
      <Filter>Header Files</Filter>
    </ClInclude>
    <ClInclude Include="gmsg\GMsg_RcvGoalHdr.h">
      <Filter>Header Files</Filter>
    </ClInclude>
    <ClInclude Include="gmsg\GMsg_RcvGoalText.h">
      <Filter>Header Files</Filter>
    </ClInclude>
    <ClInclude Include="gmsg\GMsg_RcvPlayerName.h">
      <Filter>Header Files</Filter>
    </ClInclude>
    <ClInclude Include="gmsg\GMsg_RcvReportGoals.h">
      <Filter>Header Files</Filter>
    </ClInclude>
    <ClInclude Include="gmsg\GMsg_RcvReportHdr.h">
      <Filter>Header Files</Filter>
    </ClInclude>
    <ClInclude Include="gmsg\GMsg_RcvReportText.h">
      <Filter>Header Files</Filter>
    </ClInclude>
    <ClInclude Include="gmsg\GMsg_SenseDreamersAck.h">
      <Filter>Header Files</Filter>
    </ClInclude>
    <ClInclude Include="gmsg\GMsg_ServerDown.h">
      <Filter>Header Files</Filter>
    </ClInclude>
    <ClInclude Include="gmsg\GMsg_SetAvatarDescription.h">
      <Filter>Header Files</Filter>
    </ClInclude>
    <ClInclude Include="gmsg\GMsg_ShowItem.h">
      <Filter>Header Files</Filter>
    </ClInclude>
    <ClInclude Include="gmsg\GMsg_SummonAvatar.h">
      <Filter>Header Files</Filter>
    </ClInclude>
    <ClInclude Include="gmsg\GMsg_SummonAvatarAck.h">
      <Filter>Header Files</Filter>
    </ClInclude>
    <ClInclude Include="gmsg\GMsg_TakeItem.h">
      <Filter>Header Files</Filter>
    </ClInclude>
    <ClInclude Include="gmsg\GMsg_TakeItemAck.h">
      <Filter>Header Files</Filter>
    </ClInclude>
    <ClInclude Include="gmsg\GMsg_UpdateItem.h">
      <Filter>Header Files</Filter>
    </ClInclude>
    <ClInclude Include="gmsg\GMsg_UpdateStats.h">
      <Filter>Header Files</Filter>
    </ClInclude>
    <ClInclude Include="gmsg\GMsg_UsePPoint.h">
      <Filter>Header Files</Filter>
    </ClInclude>
    <ClInclude Include="gmsg\GMsg_ViewItem.h">
      <Filter>Header Files</Filter>
    </ClInclude>
    <ClInclude Include="net\LmConnection.h">
      <Filter>Header Files</Filter>
    </ClInclude>
    <ClInclude Include="net\LmConnectionList.h">
      <Filter>Header Files</Filter>
    </ClInclude>
    <ClInclude Include="net\LmConnectionSet.h">
      <Filter>Header Files</Filter>
    </ClInclude>
    <ClInclude Include="net\LmSockAddr.h">
      <Filter>Header Files</Filter>
    </ClInclude>
    <ClInclude Include="net\LmSockAddrInet.h">
      <Filter>Header Files</Filter>
    </ClInclude>
    <ClInclude Include="net\LmSockAddrUnix.h">
      <Filter>Header Files</Filter>
    </ClInclude>
    <ClInclude Include="net\LmSocket.h">
      <Filter>Header Files</Filter>
    </ClInclude>
    <ClInclude Include="net\LmSockType.h">
      <Filter>Header Files</Filter>
    </ClInclude>
    <ClInclude Include="pth\PTh.h">
      <Filter>Header Files</Filter>
    </ClInclude>
    <ClInclude Include="pth\PThAttr.h">
      <Filter>Header Files</Filter>
    </ClInclude>
    <ClInclude Include="pth\PThCond.h">
      <Filter>Header Files</Filter>
    </ClInclude>
    <ClInclude Include="pth\PThMutex.h">
      <Filter>Header Files</Filter>
    </ClInclude>
    <ClInclude Include="rmsg\RmRemotePlayer.h">
      <Filter>Header Files</Filter>
    </ClInclude>
    <ClInclude Include="rmsg\RMsg.h">
      <Filter>Header Files</Filter>
    </ClInclude>
    <ClInclude Include="rmsg\RMsg_All.h">
      <Filter>Header Files</Filter>
    </ClInclude>
    <ClInclude Include="rmsg\RMsg_ChangeAvatar.h">
      <Filter>Header Files</Filter>
    </ClInclude>
    <ClInclude Include="rmsg\RMsg_CupSummons.h">
      <Filter>Header Files</Filter>
    </ClInclude>
    <ClInclude Include="rmsg\RMsg_EnterRoom.h">
      <Filter>Header Files</Filter>
    </ClInclude>
    <ClInclude Include="rmsg\RMsg_Error.h">
      <Filter>Header Files</Filter>
    </ClInclude>
    <ClInclude Include="rmsg\RMsg_GetAvatarDescription.h">
      <Filter>Header Files</Filter>
    </ClInclude>
    <ClInclude Include="rmsg\RMsg_GetRoomDescription.h">
      <Filter>Header Files</Filter>
    </ClInclude>
    <ClInclude Include="rmsg\RMsg_GotoRoom.h">
      <Filter>Header Files</Filter>
    </ClInclude>
    <ClInclude Include="rmsg\RMsg_ItemDrop.h">
      <Filter>Header Files</Filter>
    </ClInclude>
    <ClInclude Include="rmsg\RMsg_ItemHdrDrop.h">
      <Filter>Header Files</Filter>
    </ClInclude>
    <ClInclude Include="rmsg\RMsg_ItemPickup.h">
      <Filter>Header Files</Filter>
    </ClInclude>
    <ClInclude Include="rmsg\RMsg_JoinedParty.h">
      <Filter>Header Files</Filter>
    </ClInclude>
    <ClInclude Include="rmsg\RMsg_LeaveRoom.h">
      <Filter>Header Files</Filter>
    </ClInclude>
    <ClInclude Include="rmsg\RMsg_LoginAck.h">
      <Filter>Header Files</Filter>
    </ClInclude>
    <ClInclude Include="rmsg\RMsg_Logout.h">
      <Filter>Header Files</Filter>
    </ClInclude>
    <ClInclude Include="rmsg\RMsg_NewlyAwakened.h">
      <Filter>Header Files</Filter>
    </ClInclude>
    <ClInclude Include="rmsg\RMsg_Party.h">
      <Filter>Header Files</Filter>
    </ClInclude>
    <ClInclude Include="rmsg\RMsg_PartyInfo.h">
      <Filter>Header Files</Filter>
    </ClInclude>
    <ClInclude Include="rmsg\RMsg_Ping.h">
      <Filter>Header Files</Filter>
    </ClInclude>
    <ClInclude Include="rmsg\RMsg_PlayerMsg.h">
      <Filter>Header Files</Filter>
    </ClInclude>
    <ClInclude Include="rmsg\RMsg_PlayerUpdate.h">
      <Filter>Header Files</Filter>
    </ClInclude>
    <ClInclude Include="rmsg\RMsg_RcvAvatarDescription.h">
      <Filter>Header Files</Filter>
    </ClInclude>
    <ClInclude Include="rmsg\RMsg_RoomDescription.h">
      <Filter>Header Files</Filter>
    </ClInclude>
    <ClInclude Include="rmsg\RMsg_RoomLoginAck.h">
      <Filter>Header Files</Filter>
    </ClInclude>
    <ClInclude Include="rmsg\RMsg_Speech.h">
      <Filter>Header Files</Filter>
    </ClInclude>
    <ClInclude Include="rmsg\RMsg_Update.h">
      <Filter>Header Files</Filter>
    </ClInclude>
    <ClInclude Include="server\LmDispatch.h">
      <Filter>Header Files</Filter>
    </ClInclude>
    <ClInclude Include="server\LmInventory.h">
      <Filter>Header Files</Filter>
    </ClInclude>
    <ClInclude Include="server\LmItemGen.h">
      <Filter>Header Files</Filter>
    </ClInclude>
    <ClInclude Include="server\LmItemGenNames.h">
      <Filter>Header Files</Filter>
    </ClInclude>
    <ClInclude Include="server\LmItemGenTables.h">
      <Filter>Header Files</Filter>
    </ClInclude>
    <ClInclude Include="server\LmMesgBufPool.h">
      <Filter>Header Files</Filter>
    </ClInclude>
    <ClInclude Include="server\LmMessageReader.h">
      <Filter>Header Files</Filter>
    </ClInclude>
    <ClInclude Include="server\LmNetworkInput.h">
      <Filter>Header Files</Filter>
    </ClInclude>
    <ClInclude Include="server\LmNetworkOutput.h">
      <Filter>Header Files</Filter>
    </ClInclude>
    <ClInclude Include="server\LmParty.h">
      <Filter>Header Files</Filter>
    </ClInclude>
    <ClInclude Include="server\LmRoomItem.h">
      <Filter>Header Files</Filter>
    </ClInclude>
    <ClInclude Include="server\LmRoomItemList.h">
      <Filter>Header Files</Filter>
    </ClInclude>
    <ClInclude Include="server\LmSignalThread.h">
      <Filter>Header Files</Filter>
    </ClInclude>
    <ClInclude Include="server\LmSrvMesgBuf.h">
      <Filter>Header Files</Filter>
    </ClInclude>
    <ClInclude Include="server\LmThread.h">
      <Filter>Header Files</Filter>
    </ClInclude>
    <ClInclude Include="server\LmThreadPool.h">
      <Filter>Header Files</Filter>
    </ClInclude>
    <ClInclude Include="shared\LmArts.h">
      <Filter>Header Files</Filter>
    </ClInclude>
    <ClInclude Include="shared\LmAvatar.h">
      <Filter>Header Files</Filter>
    </ClInclude>
    <ClInclude Include="shared\LmBit32.h">
      <Filter>Header Files</Filter>
    </ClInclude>
    <ClInclude Include="shared\LmGame.h">
      <Filter>Header Files</Filter>
    </ClInclude>
    <ClInclude Include="shared\LmItem.h">
      <Filter>Header Files</Filter>
    </ClInclude>
    <ClInclude Include="shared\LmItemDefs.h">
      <Filter>Header Files</Filter>
    </ClInclude>
    <ClInclude Include="shared\LmItemHdr.h">
      <Filter>Header Files</Filter>
    </ClInclude>
    <ClInclude Include="shared\LmItemNames.h">
      <Filter>Header Files</Filter>
    </ClInclude>
    <ClInclude Include="shared\LmMesg.h">
      <Filter>Header Files</Filter>
    </ClInclude>
    <ClInclude Include="shared\LmMesgBuf.h">
      <Filter>Header Files</Filter>
    </ClInclude>
    <ClInclude Include="shared\LmMesgHdr.h">
      <Filter>Header Files</Filter>
    </ClInclude>
    <ClInclude Include="shared\LmMessage.h">
      <Filter>Header Files</Filter>
    </ClInclude>
    <ClInclude Include="shared\lmparty.h">
      <Filter>Header Files</Filter>
    </ClInclude>
    <ClInclude Include="shared\LmPeerUpdate.h">
      <Filter>Header Files</Filter>
    </ClInclude>
    <ClInclude Include="shared\LmPosition.h">
      <Filter>Header Files</Filter>
    </ClInclude>
    <ClInclude Include="shared\LmStats.h">
      <Filter>Header Files</Filter>
    </ClInclude>
    <ClInclude Include="shared\LmXPTable.h">
      <Filter>Header Files</Filter>
    </ClInclude>
    <ClInclude Include="shared\LnMD5.h">
      <Filter>Header Files</Filter>
    </ClInclude>
    <ClInclude Include="shared\LyraDefs.h">
      <Filter>Header Files</Filter>
    </ClInclude>
    <ClInclude Include="shared\LyraMessage.h">
      <Filter>Header Files</Filter>
    </ClInclude>
    <ClInclude Include="shared\md5.h">
      <Filter>Header Files</Filter>
    </ClInclude>
    <ClInclude Include="shared\md5global.h">
      <Filter>Header Files</Filter>
    </ClInclude>
    <ClInclude Include="shared\SharedConstants.h">
      <Filter>Header Files</Filter>
    </ClInclude>
    <ClInclude Include="shared\tchar.h">
      <Filter>Header Files</Filter>
    </ClInclude>
    <ClInclude Include="shared\unix.h">
      <Filter>Header Files</Filter>
    </ClInclude>
    <ClInclude Include="smsg\SMsg.h">
      <Filter>Header Files</Filter>
    </ClInclude>
    <ClInclude Include="smsg\SMsg_All.h">
      <Filter>Header Files</Filter>
    </ClInclude>
    <ClInclude Include="smsg\SMsg_ConnStatus.h">
      <Filter>Header Files</Filter>
    </ClInclude>
    <ClInclude Include="smsg\SMsg_DBQuery.h">
      <Filter>Header Files</Filter>
    </ClInclude>
    <ClInclude Include="smsg\SMsg_DBQueryAck.h">
      <Filter>Header Files</Filter>
    </ClInclude>
    <ClInclude Include="smsg\SMsg_DestroyRoomItem.h">
      <Filter>Header Files</Filter>
    </ClInclude>
    <ClInclude Include="smsg\SMsg_DS_Action.h">
      <Filter>Header Files</Filter>
    </ClInclude>
    <ClInclude Include="smsg\SMsg_DumpState.h">
      <Filter>Header Files</Filter>
    </ClInclude>
    <ClInclude Include="smsg\SMsg_Error.h">
      <Filter>Header Files</Filter>
    </ClInclude>
    <ClInclude Include="smsg\SMsg_GetItem.h">
      <Filter>Header Files</Filter>
    </ClInclude>
    <ClInclude Include="smsg\SMsg_GetLevelPlayers.h">
      <Filter>Header Files</Filter>
    </ClInclude>
    <ClInclude Include="smsg\SMsg_GetServerStatus.h">
      <Filter>Header Files</Filter>
    </ClInclude>
    <ClInclude Include="smsg\SMsg_GiveItem.h">
      <Filter>Header Files</Filter>
    </ClInclude>
    <ClInclude Include="smsg\SMsg_GiveItemAck.h">
      <Filter>Header Files</Filter>
    </ClInclude>
    <ClInclude Include="smsg\SMsg_GS_Action.h">
      <Filter>Header Files</Filter>
    </ClInclude>
    <ClInclude Include="smsg\SMsg_GS_Login.h">
      <Filter>Header Files</Filter>
    </ClInclude>
    <ClInclude Include="smsg\SMsg_GS_Logout.h">
      <Filter>Header Files</Filter>
    </ClInclude>
    <ClInclude Include="smsg\SMsg_ItemDrop.h">
      <Filter>Header Files</Filter>
    </ClInclude>
    <ClInclude Include="smsg\SMsg_ItemPickup.h">
      <Filter>Header Files</Filter>
    </ClInclude>
    <ClInclude Include="smsg\SMsg_LevelLogin.h">
      <Filter>Header Files</Filter>
    </ClInclude>
    <ClInclude Include="smsg\SMsg_LocateAvatar.h">
      <Filter>Header Files</Filter>
    </ClInclude>
    <ClInclude Include="smsg\SMsg_Login.h">
      <Filter>Header Files</Filter>
    </ClInclude>
    <ClInclude Include="smsg\SMsg_Logout.h">
      <Filter>Header Files</Filter>
    </ClInclude>
    <ClInclude Include="smsg\SMsg_LS_Action.h">
      <Filter>Header Files</Filter>
    </ClInclude>
    <ClInclude Include="smsg\SMsg_LS_Login.h">
      <Filter>Header Files</Filter>
    </ClInclude>
    <ClInclude Include="smsg\SMsg_PartyLeader.h">
      <Filter>Header Files</Filter>
    </ClInclude>
    <ClInclude Include="smsg\SMsg_Ping.h">
      <Filter>Header Files</Filter>
    </ClInclude>
    <ClInclude Include="smsg\SMsg_PlayerStatus.h">
      <Filter>Header Files</Filter>
    </ClInclude>
    <ClInclude Include="smsg\SMsg_Proxy.h">
      <Filter>Header Files</Filter>
    </ClInclude>
    <ClInclude Include="smsg\SMsg_PutItem.h">
      <Filter>Header Files</Filter>
    </ClInclude>
    <ClInclude Include="smsg\SMsg_RecvMesg.h">
      <Filter>Header Files</Filter>
    </ClInclude>
    <ClInclude Include="smsg\SMsg_ResetPort.h">
      <Filter>Header Files</Filter>
    </ClInclude>
    <ClInclude Include="smsg\SMsg_RotateLogs.h">
      <Filter>Header Files</Filter>
    </ClInclude>
    <ClInclude Include="smsg\SMsg_SendMesg.h">
      <Filter>Header Files</Filter>
    </ClInclude>
    <ClInclude Include="smsg\SMsg_ServerStatus.h">
      <Filter>Header Files</Filter>
    </ClInclude>
    <ClInclude Include="smsg\SMsg_SetAvatarDescription.h">
      <Filter>Header Files</Filter>
    </ClInclude>
    <ClInclude Include="smsg\SMsg_ShowItem.h">
      <Filter>Header Files</Filter>
    </ClInclude>
    <ClInclude Include="smsg\SMsg_TakeItemAck.h">
      <Filter>Header Files</Filter>
    </ClInclude>
    <ClInclude Include="util\LmAssert.h">
      <Filter>Header Files</Filter>
    </ClInclude>
    <ClInclude Include="util\LmDebug.h">
      <Filter>Header Files</Filter>
    </ClInclude>
    <ClInclude Include="util\LmFuncTimer.h">
      <Filter>Header Files</Filter>
    </ClInclude>
    <ClInclude Include="util\LmIdSet.h">
      <Filter>Header Files</Filter>
    </ClInclude>
    <ClInclude Include="util\LmLocker.h">
      <Filter>Header Files</Filter>
    </ClInclude>
    <ClInclude Include="util\LmLog.h">
      <Filter>Header Files</Filter>
    </ClInclude>
    <ClInclude Include="util\LmLogFile.h">
      <Filter>Header Files</Filter>
    </ClInclude>
    <ClInclude Include="util\LmLogNull.h">
      <Filter>Header Files</Filter>
    </ClInclude>
    <ClInclude Include="util\LmLogSyslog.h">
      <Filter>Header Files</Filter>
    </ClInclude>
    <ClInclude Include="util\LmNew.h">
      <Filter>Header Files</Filter>
    </ClInclude>
    <ClInclude Include="util\LmRand.h">
      <Filter>Header Files</Filter>
    </ClInclude>
    <ClInclude Include="util\LmTimer.h">
      <Filter>Header Files</Filter>
    </ClInclude>
    <ClInclude Include="util\LmUtil.h">
      <Filter>Header Files</Filter>
    </ClInclude>
  </ItemGroup>
</Project>