<?xml version="1.0" encoding="utf-8"?>
<Project ToolsVersion="4.0" xmlns="http://schemas.microsoft.com/developer/msbuild/2003">
  <ItemGroup>
    <Filter Include="Source Files">
      <UniqueIdentifier>{fcf0db5c-d383-41d4-95e6-60e8bb17fb24}</UniqueIdentifier>
      <Extensions>cpp;c;cxx;rc;def;r;odl;idl;hpj;bat</Extensions>
    </Filter>
    <Filter Include="Header Files">
      <UniqueIdentifier>{351e4df3-6bbc-4857-8625-5ec6ccb74667}</UniqueIdentifier>
      <Extensions>h;hpp;hxx;hm;inl</Extensions>
    </Filter>
    <Filter Include="Inline Files">
      <UniqueIdentifier>{199a55a0-8afe-410d-bcd6-ab2ec5a113fc}</UniqueIdentifier>
      <Extensions>*.i</Extensions>
    </Filter>
  </ItemGroup>
  <ItemGroup>
    <ClCompile Include="LmConnectionSetImp.cpp">
      <Filter>Source Files</Filter>
    </ClCompile>
    <ClCompile Include="LmMesgBufPoolImp.cpp">
      <Filter>Source Files</Filter>
    </ClCompile>
    <ClCompile Include="LmThreadMQ.cpp">
      <Filter>Source Files</Filter>
    </ClCompile>
  </ItemGroup>
  <ItemGroup>
    <ClInclude Include="LmConnectionSetImp.h">
      <Filter>Header Files</Filter>
    </ClInclude>
    <ClInclude Include="LmMesgBufPoolImp.h">
      <Filter>Header Files</Filter>
    </ClInclude>
    <ClInclude Include="LmThreadMQ.h">
      <Filter>Header Files</Filter>
    </ClInclude>
  </ItemGroup>
  <ItemGroup>
    <CustomBuild Include="LmConnectionSetImp.i">
      <Filter>Inline Files</Filter>
    </CustomBuild>
    <CustomBuild Include="LmMesgBufPoolImp.i">
      <Filter>Inline Files</Filter>
    </CustomBuild>
    <CustomBuild Include="LmThreadMQ.i">
      <Filter>Inline Files</Filter>
    </CustomBuild>
  </ItemGroup>
</Project>