<?xml version="1.0" encoding="utf-8"?>
<Project ToolsVersion="4.0" xmlns="http://schemas.microsoft.com/developer/msbuild/2003">
  <ItemGroup>
    <Filter Include="Source Files">
      <UniqueIdentifier>{8a6010b1-0b12-47e7-9ee6-2ab3e6c5519c}</UniqueIdentifier>
      <Extensions>cpp;c;cxx;rc;def;r;odl;idl;hpj;bat</Extensions>
    </Filter>
    <Filter Include="Header Files">
      <UniqueIdentifier>{1f16c87e-0d21-4bdf-b842-4a8e199f360f}</UniqueIdentifier>
      <Extensions>h;hpp;hxx;hm;inl</Extensions>
    </Filter>
    <Filter Include="Inline Files">
      <UniqueIdentifier>{19b83aba-42ab-4c38-92f6-82c22ee313d4}</UniqueIdentifier>
      <Extensions>*.i</Extensions>
    </Filter>
  </ItemGroup>
  <ItemGroup>
    <ClCompile Include="LmArts.cpp">
      <Filter>Source Files</Filter>
    </ClCompile>
    <ClCompile Include="LmAvatar.cpp">
      <Filter>Source Files</Filter>
    </ClCompile>
    <ClCompile Include="LmBit32.cpp">
      <Filter>Source Files</Filter>
    </ClCompile>
    <ClCompile Include="LmItem.cpp">
      <Filter>Source Files</Filter>
    </ClCompile>
    <ClCompile Include="LmItemDefs.cpp">
      <Filter>Source Files</Filter>
    </ClCompile>
    <ClCompile Include="LmItemHdr.cpp">
      <Filter>Source Files</Filter>
    </ClCompile>
    <ClCompile Include="LmMesg.cpp">
      <Filter>Source Files</Filter>
    </ClCompile>
    <ClCompile Include="LmMesgBuf.cpp">
      <Filter>Source Files</Filter>
    </ClCompile>
    <ClCompile Include="LmMesgHdr.cpp">
      <Filter>Source Files</Filter>
    </ClCompile>
    <ClCompile Include="LmPeerUpdate.cpp">
      <Filter>Source Files</Filter>
    </ClCompile>
    <ClCompile Include="LmPosition.cpp">
      <Filter>Source Files</Filter>
    </ClCompile>
    <ClCompile Include="LmStats.cpp">
      <Filter>Source Files</Filter>
    </ClCompile>
    <ClCompile Include="LyraMessage.cpp">
      <Filter>Source Files</Filter>
    </ClCompile>
  </ItemGroup>
  <ItemGroup>
    <ClInclude Include="LmArts.h">
      <Filter>Header Files</Filter>
    </ClInclude>
    <ClInclude Include="LmAvatar.h">
      <Filter>Header Files</Filter>
    </ClInclude>
    <ClInclude Include="LmBit32.h">
      <Filter>Header Files</Filter>
    </ClInclude>
    <ClInclude Include="LmGame.h">
      <Filter>Header Files</Filter>
    </ClInclude>
    <ClInclude Include="LmItem.h">
      <Filter>Header Files</Filter>
    </ClInclude>
    <ClInclude Include="LmItemDefs.h">
      <Filter>Header Files</Filter>
    </ClInclude>
    <ClInclude Include="LmItemHdr.h">
      <Filter>Header Files</Filter>
    </ClInclude>
    <ClInclude Include="LmItemNames.h">
      <Filter>Header Files</Filter>
    </ClInclude>
    <ClInclude Include="LmMesg.h">
      <Filter>Header Files</Filter>
    </ClInclude>
    <ClInclude Include="LmMesgBuf.h">
      <Filter>Header Files</Filter>
    </ClInclude>
    <ClInclude Include="LmMesgHdr.h">
      <Filter>Header Files</Filter>
    </ClInclude>
    <ClInclude Include="LmMessage.h">
      <Filter>Header Files</Filter>
    </ClInclude>
    <ClInclude Include="LmPeerUpdate.h">
      <Filter>Header Files</Filter>
    </ClInclude>
    <ClInclude Include="LmPosition.h">
      <Filter>Header Files</Filter>
    </ClInclude>
    <ClInclude Include="LmStats.h">
      <Filter>Header Files</Filter>
    </ClInclude>
    <ClInclude Include="LmXPTable.h">
      <Filter>Header Files</Filter>
    </ClInclude>
    <ClInclude Include="LyraDefs.h">
      <Filter>Header Files</Filter>
    </ClInclude>
    <ClInclude Include="LyraMessage.h">
      <Filter>Header Files</Filter>
    </ClInclude>
    <ClInclude Include="SharedConstants.h">
      <Filter>Header Files</Filter>
    </ClInclude>
    <ClInclude Include="tchar.h">
      <Filter>Header Files</Filter>
    </ClInclude>
    <ClInclude Include="unix.h">
      <Filter>Header Files</Filter>
    </ClInclude>
  </ItemGroup>
  <ItemGroup>
    <CustomBuild Include="LmArts.i">
      <Filter>Inline Files</Filter>
    </CustomBuild>
    <CustomBuild Include="LmAvatar.i">
      <Filter>Inline Files</Filter>
    </CustomBuild>
    <CustomBuild Include="LmBit32.i">
      <Filter>Inline Files</Filter>
    </CustomBuild>
    <CustomBuild Include="LmItem.i">
      <Filter>Inline Files</Filter>
    </CustomBuild>
    <CustomBuild Include="LmItemDefs.i">
      <Filter>Inline Files</Filter>
    </CustomBuild>
    <CustomBuild Include="LmItemHdr.i">
      <Filter>Inline Files</Filter>
    </CustomBuild>
    <CustomBuild Include="LmMesg.i">
      <Filter>Inline Files</Filter>
    </CustomBuild>
    <CustomBuild Include="LmMesgBuf.i">
      <Filter>Inline Files</Filter>
    </CustomBuild>
    <CustomBuild Include="LmMesgHdr.i">
      <Filter>Inline Files</Filter>
    </CustomBuild>
    <CustomBuild Include="LmPeerUpdate.i">
      <Filter>Inline Files</Filter>
    </CustomBuild>
    <CustomBuild Include="LmPosition.i">
      <Filter>Inline Files</Filter>
    </CustomBuild>
    <CustomBuild Include="LmStats.i">
      <Filter>Inline Files</Filter>
    </CustomBuild>
  </ItemGroup>
</Project>