<?xml version="1.0" encoding="utf-8"?>
<Project ToolsVersion="4.0" xmlns="http://schemas.microsoft.com/developer/msbuild/2003">
  <ItemGroup>
    <Filter Include="Source Files">
      <UniqueIdentifier>{fff09068-e477-45fb-b06d-bb6816788f9c}</UniqueIdentifier>
      <Extensions>cpp;c;cxx;rc;def;r;odl;idl;hpj;bat</Extensions>
    </Filter>
    <Filter Include="Header Files">
      <UniqueIdentifier>{3040435f-3ba7-4de2-ada6-e08c15ffa6ba}</UniqueIdentifier>
      <Extensions>h;hpp;hxx;hm;inl</Extensions>
    </Filter>
    <Filter Include="Inline Files">
      <UniqueIdentifier>{e2cb04d5-36f4-4222-9208-94e29fcb0e57}</UniqueIdentifier>
      <Extensions>*.i</Extensions>
    </Filter>
  </ItemGroup>
  <ItemGroup>
    <ClCompile Include="SMsg_ConnStatus.cpp">
      <Filter>Source Files</Filter>
    </ClCompile>
    <ClCompile Include="SMsg_DBQuery.cpp">
      <Filter>Source Files</Filter>
    </ClCompile>
    <ClCompile Include="SMsg_DBQueryAck.cpp">
      <Filter>Source Files</Filter>
    </ClCompile>
    <ClCompile Include="SMsg_DestroyRoomItem.cpp">
      <Filter>Source Files</Filter>
    </ClCompile>
    <ClCompile Include="SMsg_DS_Action.cpp">
      <Filter>Source Files</Filter>
    </ClCompile>
    <ClCompile Include="SMsg_DumpState.cpp">
      <Filter>Source Files</Filter>
    </ClCompile>
    <ClCompile Include="SMsg_Error.cpp">
      <Filter>Source Files</Filter>
    </ClCompile>
    <ClCompile Include="SMsg_GetItem.cpp">
      <Filter>Source Files</Filter>
    </ClCompile>
    <ClCompile Include="SMsg_GetLevelPlayers.cpp">
      <Filter>Source Files</Filter>
    </ClCompile>
    <ClCompile Include="SMsg_GetServerStatus.cpp">
      <Filter>Source Files</Filter>
    </ClCompile>
    <ClCompile Include="SMsg_GiveItem.cpp">
      <Filter>Source Files</Filter>
    </ClCompile>
    <ClCompile Include="SMsg_GiveItemAck.cpp">
      <Filter>Source Files</Filter>
    </ClCompile>
    <ClCompile Include="SMsg_GS_Action.cpp">
      <Filter>Source Files</Filter>
    </ClCompile>
    <ClCompile Include="SMsg_GS_Login.cpp">
      <Filter>Source Files</Filter>
    </ClCompile>
    <ClCompile Include="SMsg_GS_Logout.cpp">
      <Filter>Source Files</Filter>
    </ClCompile>
    <ClCompile Include="SMsg_ItemDrop.cpp">
      <Filter>Source Files</Filter>
    </ClCompile>
    <ClCompile Include="SMsg_ItemPickup.cpp">
      <Filter>Source Files</Filter>
    </ClCompile>
    <ClCompile Include="SMsg_LevelLogin.cpp">
      <Filter>Source Files</Filter>
    </ClCompile>
    <ClCompile Include="SMsg_LocateAvatar.cpp">
      <Filter>Source Files</Filter>
    </ClCompile>
    <ClCompile Include="SMsg_Login.cpp">
      <Filter>Source Files</Filter>
    </ClCompile>
    <ClCompile Include="SMsg_Logout.cpp">
      <Filter>Source Files</Filter>
    </ClCompile>
    <ClCompile Include="SMsg_LS_Action.cpp">
      <Filter>Source Files</Filter>
    </ClCompile>
    <ClCompile Include="SMsg_LS_Login.cpp">
      <Filter>Source Files</Filter>
    </ClCompile>
    <ClCompile Include="SMsg_PartyLeader.cpp">
      <Filter>Source Files</Filter>
    </ClCompile>
    <ClCompile Include="SMsg_Ping.cpp">
      <Filter>Source Files</Filter>
    </ClCompile>
    <ClCompile Include="SMsg_PlayerStatus.cpp">
      <Filter>Source Files</Filter>
    </ClCompile>
    <ClCompile Include="SMsg_Proxy.cpp">
      <Filter>Source Files</Filter>
    </ClCompile>
    <ClCompile Include="SMsg_PutItem.cpp">
      <Filter>Source Files</Filter>
    </ClCompile>
    <ClCompile Include="SMsg_RecvMesg.cpp">
      <Filter>Source Files</Filter>
    </ClCompile>
    <ClCompile Include="SMsg_ResetPort.cpp">
      <Filter>Source Files</Filter>
    </ClCompile>
    <ClCompile Include="SMsg_RotateLogs.cpp">
      <Filter>Source Files</Filter>
    </ClCompile>
    <ClCompile Include="SMsg_SendMesg.cpp">
      <Filter>Source Files</Filter>
    </ClCompile>
    <ClCompile Include="SMsg_ServerStatus.cpp">
      <Filter>Source Files</Filter>
    </ClCompile>
    <ClCompile Include="SMsg_SetAvatarDescription.cpp">
      <Filter>Source Files</Filter>
    </ClCompile>
    <ClCompile Include="SMsg_ShowItem.cpp">
      <Filter>Source Files</Filter>
    </ClCompile>
    <ClCompile Include="SMsg_TakeItemAck.cpp">
      <Filter>Source Files</Filter>
    </ClCompile>
  </ItemGroup>
  <ItemGroup>
    <ClInclude Include="SMsg.h">
      <Filter>Header Files</Filter>
    </ClInclude>
    <ClInclude Include="SMsg_All.h">
      <Filter>Header Files</Filter>
    </ClInclude>
    <ClInclude Include="SMsg_ConnStatus.h">
      <Filter>Header Files</Filter>
    </ClInclude>
    <ClInclude Include="SMsg_DBQuery.h">
      <Filter>Header Files</Filter>
    </ClInclude>
    <ClInclude Include="SMsg_DBQueryAck.h">
      <Filter>Header Files</Filter>
    </ClInclude>
    <ClInclude Include="SMsg_DestroyRoomItem.h">
      <Filter>Header Files</Filter>
    </ClInclude>
    <ClInclude Include="SMsg_DS_Action.h">
      <Filter>Header Files</Filter>
    </ClInclude>
    <ClInclude Include="SMsg_DumpState.h">
      <Filter>Header Files</Filter>
    </ClInclude>
    <ClInclude Include="SMsg_Error.h">
      <Filter>Header Files</Filter>
    </ClInclude>
    <ClInclude Include="SMsg_GetItem.h">
      <Filter>Header Files</Filter>
    </ClInclude>
    <ClInclude Include="SMsg_GetLevelPlayers.h">
      <Filter>Header Files</Filter>
    </ClInclude>
    <ClInclude Include="SMsg_GetServerStatus.h">
      <Filter>Header Files</Filter>
    </ClInclude>
    <ClInclude Include="SMsg_GiveItem.h">
      <Filter>Header Files</Filter>
    </ClInclude>
    <ClInclude Include="SMsg_GiveItemAck.h">
      <Filter>Header Files</Filter>
    </ClInclude>
    <ClInclude Include="SMsg_GS_Action.h">
      <Filter>Header Files</Filter>
    </ClInclude>
    <ClInclude Include="SMsg_GS_Login.h">
      <Filter>Header Files</Filter>
    </ClInclude>
    <ClInclude Include="SMsg_GS_Logout.h">
      <Filter>Header Files</Filter>
    </ClInclude>
    <ClInclude Include="SMsg_ItemDrop.h">
      <Filter>Header Files</Filter>
    </ClInclude>
    <ClInclude Include="SMsg_ItemPickup.h">
      <Filter>Header Files</Filter>
    </ClInclude>
    <ClInclude Include="SMsg_LevelLogin.h">
      <Filter>Header Files</Filter>
    </ClInclude>
    <ClInclude Include="SMsg_LocateAvatar.h">
      <Filter>Header Files</Filter>
    </ClInclude>
    <ClInclude Include="SMsg_Login.h">
      <Filter>Header Files</Filter>
    </ClInclude>
    <ClInclude Include="SMsg_Logout.h">
      <Filter>Header Files</Filter>
    </ClInclude>
    <ClInclude Include="SMsg_LS_Action.h">
      <Filter>Header Files</Filter>
    </ClInclude>
    <ClInclude Include="SMsg_LS_Login.h">
      <Filter>Header Files</Filter>
    </ClInclude>
    <ClInclude Include="SMsg_PartyLeader.h">
      <Filter>Header Files</Filter>
    </ClInclude>
    <ClInclude Include="SMsg_Ping.h">
      <Filter>Header Files</Filter>
    </ClInclude>
    <ClInclude Include="SMsg_PlayerStatus.h">
      <Filter>Header Files</Filter>
    </ClInclude>
    <ClInclude Include="SMsg_Proxy.h">
      <Filter>Header Files</Filter>
    </ClInclude>
    <ClInclude Include="SMsg_PutItem.h">
      <Filter>Header Files</Filter>
    </ClInclude>
    <ClInclude Include="SMsg_RecvMesg.h">
      <Filter>Header Files</Filter>
    </ClInclude>
    <ClInclude Include="SMsg_ResetPort.h">
      <Filter>Header Files</Filter>
    </ClInclude>
    <ClInclude Include="SMsg_RotateLogs.h">
      <Filter>Header Files</Filter>
    </ClInclude>
    <ClInclude Include="SMsg_SendMesg.h">
      <Filter>Header Files</Filter>
    </ClInclude>
    <ClInclude Include="SMsg_ServerStatus.h">
      <Filter>Header Files</Filter>
    </ClInclude>
    <ClInclude Include="SMsg_SetAvatarDescription.h">
      <Filter>Header Files</Filter>
    </ClInclude>
    <ClInclude Include="SMsg_ShowItem.h">
      <Filter>Header Files</Filter>
    </ClInclude>
    <ClInclude Include="SMsg_TakeItemAck.h">
      <Filter>Header Files</Filter>
    </ClInclude>
  </ItemGroup>
  <ItemGroup>
    <CustomBuild Include="SMsg_ConnStatus.i">
      <Filter>Inline Files</Filter>
    </CustomBuild>
    <CustomBuild Include="SMsg_DBQuery.i">
      <Filter>Inline Files</Filter>
    </CustomBuild>
    <CustomBuild Include="SMsg_DBQueryAck.i">
      <Filter>Inline Files</Filter>
    </CustomBuild>
    <CustomBuild Include="SMsg_DestroyRoomItem.i">
      <Filter>Inline Files</Filter>
    </CustomBuild>
    <CustomBuild Include="SMsg_DS_Action.i">
      <Filter>Inline Files</Filter>
    </CustomBuild>
    <CustomBuild Include="SMsg_DumpState.i">
      <Filter>Inline Files</Filter>
    </CustomBuild>
    <CustomBuild Include="SMsg_Error.i">
      <Filter>Inline Files</Filter>
    </CustomBuild>
    <CustomBuild Include="SMsg_GetItem.i">
      <Filter>Inline Files</Filter>
    </CustomBuild>
    <CustomBuild Include="SMsg_GetLevelPlayers.i">
      <Filter>Inline Files</Filter>
    </CustomBuild>
    <CustomBuild Include="SMsg_GetServerStatus.i">
      <Filter>Inline Files</Filter>
    </CustomBuild>
    <CustomBuild Include="SMsg_GiveItem.i">
      <Filter>Inline Files</Filter>
    </CustomBuild>
    <CustomBuild Include="SMsg_GiveItemAck.i">
      <Filter>Inline Files</Filter>
    </CustomBuild>
    <CustomBuild Include="SMsg_GS_Action.i">
      <Filter>Inline Files</Filter>
    </CustomBuild>
    <CustomBuild Include="SMsg_GS_Login.i">
      <Filter>Inline Files</Filter>
    </CustomBuild>
    <CustomBuild Include="SMsg_GS_Logout.i">
      <Filter>Inline Files</Filter>
    </CustomBuild>
    <CustomBuild Include="SMsg_ItemDrop.i">
      <Filter>Inline Files</Filter>
    </CustomBuild>
    <CustomBuild Include="SMsg_ItemPickup.i">
      <Filter>Inline Files</Filter>
    </CustomBuild>
    <CustomBuild Include="SMsg_LevelLogin.i">
      <Filter>Inline Files</Filter>
    </CustomBuild>
    <CustomBuild Include="SMsg_LocateAvatar.i">
      <Filter>Inline Files</Filter>
    </CustomBuild>
    <CustomBuild Include="SMsg_Login.i">
      <Filter>Inline Files</Filter>
    </CustomBuild>
    <CustomBuild Include="SMsg_Logout.i">
      <Filter>Inline Files</Filter>
    </CustomBuild>
    <CustomBuild Include="SMsg_LS_Action.i">
      <Filter>Inline Files</Filter>
    </CustomBuild>
    <CustomBuild Include="SMsg_LS_Login.i">
      <Filter>Inline Files</Filter>
    </CustomBuild>
    <CustomBuild Include="SMsg_PartyLeader.i">
      <Filter>Inline Files</Filter>
    </CustomBuild>
    <CustomBuild Include="SMsg_Ping.i">
      <Filter>Inline Files</Filter>
    </CustomBuild>
    <CustomBuild Include="SMsg_PlayerStatus.i">
      <Filter>Inline Files</Filter>
    </CustomBuild>
    <CustomBuild Include="SMsg_Proxy.i">
      <Filter>Inline Files</Filter>
    </CustomBuild>
    <CustomBuild Include="SMsg_PutItem.i">
      <Filter>Inline Files</Filter>
    </CustomBuild>
    <CustomBuild Include="SMsg_RecvMesg.i">
      <Filter>Inline Files</Filter>
    </CustomBuild>
    <CustomBuild Include="SMsg_ResetPort.i">
      <Filter>Inline Files</Filter>
    </CustomBuild>
    <CustomBuild Include="SMsg_RotateLogs.i">
      <Filter>Inline Files</Filter>
    </CustomBuild>
    <CustomBuild Include="SMsg_SendMesg.i">
      <Filter>Inline Files</Filter>
    </CustomBuild>
    <CustomBuild Include="SMsg_ServerStatus.i">
      <Filter>Inline Files</Filter>
    </CustomBuild>
    <CustomBuild Include="SMsg_SetAvatarDescription.i">
      <Filter>Inline Files</Filter>
    </CustomBuild>
    <CustomBuild Include="SMsg_ShowItem.i">
      <Filter>Inline Files</Filter>
    </CustomBuild>
    <CustomBuild Include="SMsg_TakeItemAck.i">
      <Filter>Inline Files</Filter>
    </CustomBuild>
  </ItemGroup>
</Project>