<?xml version="1.0" encoding="utf-8"?>
<Project ToolsVersion="4.0" xmlns="http://schemas.microsoft.com/developer/msbuild/2003">
  <ItemGroup>
    <Filter Include="Source Files">
      <UniqueIdentifier>{489b9d49-c645-4e3e-ab4a-75f36a598b8e}</UniqueIdentifier>
      <Extensions>cpp;c;cxx;rc;def;r;odl;idl;hpj;bat</Extensions>
    </Filter>
    <Filter Include="Header Files">
      <UniqueIdentifier>{b1469fe3-4efb-4009-bf76-0abac931695f}</UniqueIdentifier>
      <Extensions>h;hpp;hxx;hm;inl</Extensions>
    </Filter>
    <Filter Include="Inline">
      <UniqueIdentifier>{6afb1151-a3e5-412e-95f3-0728afd7c350}</UniqueIdentifier>
      <Extensions>*.i</Extensions>
    </Filter>
    <Filter Include="Resource Files">
      <UniqueIdentifier>{34e2dc00-626a-4e0f-a6ed-f907d8bce7c6}</UniqueIdentifier>
      <Extensions>ico;cur;bmp;dlg;rc2;rct;bin;rgs;gif;jpg;jpeg;jpe</Extensions>
    </Filter>
  </ItemGroup>
  <ItemGroup>
    <ClCompile Include="GsForwardThread.cpp">
      <Filter>Source Files</Filter>
    </ClCompile>
    <ClCompile Include="GsGameThread.cpp">
      <Filter>Source Files</Filter>
    </ClCompile>
    <ClCompile Include="GsInputDispatch.cpp">
      <Filter>Source Files</Filter>
    </ClCompile>
    <ClCompile Include="GsLevelSet.cpp">
      <Filter>Source Files</Filter>
    </ClCompile>
    <ClCompile Include="GsMain.cpp">
      <Filter>Source Files</Filter>
    </ClCompile>
    <ClCompile Include="GsMessageReader.cpp">
      <Filter>Source Files</Filter>
    </ClCompile>
    <ClCompile Include="GsNetworkInput.cpp">
      <Filter>Source Files</Filter>
    </ClCompile>
    <ClCompile Include="GsNetworkOutput.cpp">
      <Filter>Source Files</Filter>
    </ClCompile>
    <ClCompile Include="GsOutputDispatch.cpp">
      <Filter>Source Files</Filter>
    </ClCompile>
    <ClCompile Include="GsPlayer.cpp">
      <Filter>Source Files</Filter>
    </ClCompile>
    <ClCompile Include="GsPlayer1.cpp">
      <Filter>Source Files</Filter>
    </ClCompile>
    <ClCompile Include="GsPlayer2.cpp">
      <Filter>Source Files</Filter>
    </ClCompile>
    <ClCompile Include="GsPlayer3.cpp">
      <Filter>Source Files</Filter>
    </ClCompile>
    <ClCompile Include="GsPlayer4.cpp">
      <Filter>Source Files</Filter>
    </ClCompile>
    <ClCompile Include="GsPlayerSet.cpp">
      <Filter>Source Files</Filter>
    </ClCompile>
    <ClCompile Include="GsPlayerThread.cpp">
      <Filter>Source Files</Filter>
    </ClCompile>
    <ClCompile Include="GsPlayerThread1.cpp">
      <Filter>Source Files</Filter>
    </ClCompile>
    <ClCompile Include="GsPlayerThread2.cpp">
      <Filter>Source Files</Filter>
    </ClCompile>
    <ClCompile Include="GsPlayerThread3.cpp">
      <Filter>Source Files</Filter>
    </ClCompile>
    <ClCompile Include="GsPlayerThread4.cpp">
      <Filter>Source Files</Filter>
    </ClCompile>
    <ClCompile Include="GsPlayerThreadSet.cpp">
      <Filter>Source Files</Filter>
    </ClCompile>
    <ClCompile Include="GsPositionThread.cpp">
      <Filter>Source Files</Filter>
    </ClCompile>
    <ClCompile Include="GsSignalThread.cpp">
      <Filter>Source Files</Filter>
    </ClCompile>
    <ClCompile Include="GsUtil.cpp">
      <Filter>Source Files</Filter>
    </ClCompile>
    <ClCompile Include="Main.cpp">
      <Filter>Source Files</Filter>
    </ClCompile>
  </ItemGroup>
  <ItemGroup>
    <ClInclude Include="GsForwardThread.h">
      <Filter>Header Files</Filter>
    </ClInclude>
    <ClInclude Include="GsGameThread.h">
      <Filter>Header Files</Filter>
    </ClInclude>
    <ClInclude Include="GsInputDispatch.h">
      <Filter>Header Files</Filter>
    </ClInclude>
    <ClInclude Include="GsLevelSet.h">
      <Filter>Header Files</Filter>
    </ClInclude>
    <ClInclude Include="GsMacros.h">
      <Filter>Header Files</Filter>
    </ClInclude>
    <ClInclude Include="GsMain.h">
      <Filter>Header Files</Filter>
    </ClInclude>
    <ClInclude Include="GsMessageReader.h">
      <Filter>Header Files</Filter>
    </ClInclude>
    <ClInclude Include="GsNetworkInput.h">
      <Filter>Header Files</Filter>
    </ClInclude>
    <ClInclude Include="GsNetworkOutput.h">
      <Filter>Header Files</Filter>
    </ClInclude>
    <ClInclude Include="GsOutputDispatch.h">
      <Filter>Header Files</Filter>
    </ClInclude>
    <ClInclude Include="GsPlayer.h">
      <Filter>Header Files</Filter>
    </ClInclude>
    <ClInclude Include="GsPlayerList.h">
      <Filter>Header Files</Filter>
    </ClInclude>
    <ClInclude Include="GsPlayerSet.h">
      <Filter>Header Files</Filter>
    </ClInclude>
    <ClInclude Include="GsPlayerThread.h">
      <Filter>Header Files</Filter>
    </ClInclude>
    <ClInclude Include="GsPlayerThreadSet.h">
      <Filter>Header Files</Filter>
    </ClInclude>
    <ClInclude Include="GsPositionThread.h">
      <Filter>Header Files</Filter>
    </ClInclude>
    <ClInclude Include="GsSignalThread.h">
      <Filter>Header Files</Filter>
    </ClInclude>
    <ClInclude Include="GsUtil.h">
      <Filter>Header Files</Filter>
    </ClInclude>
  </ItemGroup>
  <ItemGroup>
    <Text Include="ReadMe.txt" />
  </ItemGroup>
  <ItemGroup>
    <CustomBuild Include="GsForwardThread.i">
      <Filter>Inline</Filter>
    </CustomBuild>
    <CustomBuild Include="GsGameThread.i">
      <Filter>Inline</Filter>
    </CustomBuild>
    <CustomBuild Include="GsInputDispatch.i">
      <Filter>Inline</Filter>
    </CustomBuild>
    <CustomBuild Include="GsLevelSet.i">
      <Filter>Inline</Filter>
    </CustomBuild>
    <CustomBuild Include="GsMain.i">
      <Filter>Inline</Filter>
    </CustomBuild>
    <CustomBuild Include="GsMessageReader.i">
      <Filter>Inline</Filter>
    </CustomBuild>
    <CustomBuild Include="GsNetworkInput.i">
      <Filter>Inline</Filter>
    </CustomBuild>
    <CustomBuild Include="GsNetworkOutput.i">
      <Filter>Inline</Filter>
    </CustomBuild>
    <CustomBuild Include="GsOutputDispatch.i">
      <Filter>Inline</Filter>
    </CustomBuild>
    <CustomBuild Include="GsPlayer.i">
      <Filter>Inline</Filter>
    </CustomBuild>
    <CustomBuild Include="GsPlayerSet.i">
      <Filter>Inline</Filter>
    </CustomBuild>
    <CustomBuild Include="GsPlayerThread.i">
      <Filter>Inline</Filter>
    </CustomBuild>
    <CustomBuild Include="GsPlayerThreadSet.i">
      <Filter>Inline</Filter>
    </CustomBuild>
    <CustomBuild Include="GsPositionThread.i">
      <Filter>Inline</Filter>
    </CustomBuild>
    <CustomBuild Include="GsSignalThread.i">
      <Filter>Inline</Filter>
    </CustomBuild>
    <CustomBuild Include="GsUtil.i">
      <Filter>Inline</Filter>
    </CustomBuild>
  </ItemGroup>
</Project>