<?xml version="1.0" encoding="utf-8"?>
<Project ToolsVersion="4.0" xmlns="http://schemas.microsoft.com/developer/msbuild/2003">
  <ItemGroup>
    <Filter Include="Source Files">
      <UniqueIdentifier>{4FC737F1-C7A5-4376-A066-2A32D752A2FF}</UniqueIdentifier>
      <Extensions>cpp;c;cc;cxx;def;odl;idl;hpj;bat;asm;asmx</Extensions>
    </Filter>
    <Filter Include="Header Files">
      <UniqueIdentifier>{93995380-89BD-4b04-88EB-625FBE52EBFB}</UniqueIdentifier>
      <Extensions>h;hh;hpp;hxx;hm;inl;inc;xsd</Extensions>
    </Filter>
    <Filter Include="Resource Files">
      <UniqueIdentifier>{67DA6AB6-F800-4c08-8B7A-83BB121AAD01}</UniqueIdentifier>
      <Extensions>rc;ico;cur;bmp;dlg;rc2;rct;bin;rgs;gif;jpg;jpeg;jpe;resx;tiff;tif;png;wav</Extensions>
    </Filter>
  </ItemGroup>
  <ItemGroup>
    <ClCompile Include="GsForwardThread.cpp">
      <Filter>Source Files</Filter>
    </ClCompile>
    <ClCompile Include="GsGameThread.cpp">
      <Filter>Source Files</Filter>
    </ClCompile>
    <ClCompile Include="GsInputDispatch.cpp">
      <Filter>Source Files</Filter>
    </ClCompile>
    <ClCompile Include="GsLevelSet.cpp">
      <Filter>Source Files</Filter>
    </ClCompile>
    <ClCompile Include="GsMain.cpp">
      <Filter>Source Files</Filter>
    </ClCompile>
    <ClCompile Include="GsMessageReader.cpp">
      <Filter>Source Files</Filter>
    </ClCompile>
    <ClCompile Include="GsNetworkInput.cpp">
      <Filter>Source Files</Filter>
    </ClCompile>
    <ClCompile Include="GsNetworkOutput.cpp">
      <Filter>Source Files</Filter>
    </ClCompile>
    <ClCompile Include="GsOutputDispatch.cpp">
      <Filter>Source Files</Filter>
    </ClCompile>
    <ClCompile Include="GsPlayer.cpp">
      <Filter>Source Files</Filter>
    </ClCompile>
    <ClCompile Include="GsPlayer1.cpp">
      <Filter>Source Files</Filter>
    </ClCompile>
    <ClCompile Include="GsPlayer2.cpp">
      <Filter>Source Files</Filter>
    </ClCompile>
    <ClCompile Include="GsPlayer3.cpp">
      <Filter>Source Files</Filter>
    </ClCompile>
    <ClCompile Include="GsPlayer4.cpp">
      <Filter>Source Files</Filter>
    </ClCompile>
    <ClCompile Include="GsPlayerSet.cpp">
      <Filter>Source Files</Filter>
    </ClCompile>
    <ClCompile Include="GsPlayerThread.cpp">
      <Filter>Source Files</Filter>
    </ClCompile>
    <ClCompile Include="GsPlayerThread1.cpp">
      <Filter>Source Files</Filter>
    </ClCompile>
    <ClCompile Include="GsPlayerThread2.cpp">
      <Filter>Source Files</Filter>
    </ClCompile>
    <ClCompile Include="GsPlayerThread3.cpp">
      <Filter>Source Files</Filter>
    </ClCompile>
    <ClCompile Include="GsPlayerThread4.cpp">
      <Filter>Source Files</Filter>
    </ClCompile>
    <ClCompile Include="GsPlayerThreadSet.cpp">
      <Filter>Source Files</Filter>
    </ClCompile>
    <ClCompile Include="GsPositionThread.cpp">
      <Filter>Source Files</Filter>
    </ClCompile>
    <ClCompile Include="GsSignalThread.cpp">
      <Filter>Source Files</Filter>
    </ClCompile>
    <ClCompile Include="GsUtil.cpp">
      <Filter>Source Files</Filter>
    </ClCompile>
    <ClCompile Include="Main.cpp">
      <Filter>Source Files</Filter>
    </ClCompile>
  </ItemGroup>
  <ItemGroup>
    <ClInclude Include="GsForwardThread.h">
      <Filter>Header Files</Filter>
    </ClInclude>
    <ClInclude Include="GsGameThread.h">
      <Filter>Header Files</Filter>
    </ClInclude>
    <ClInclude Include="GsInputDispatch.h">
      <Filter>Header Files</Filter>
    </ClInclude>
    <ClInclude Include="GsLevelSet.h">
      <Filter>Header Files</Filter>
    </ClInclude>
    <ClInclude Include="GsMacros.h">
      <Filter>Header Files</Filter>
    </ClInclude>
    <ClInclude Include="GsMain.h">
      <Filter>Header Files</Filter>
    </ClInclude>
    <ClInclude Include="GsMessageReader.h">
      <Filter>Header Files</Filter>
    </ClInclude>
    <ClInclude Include="GsNetworkInput.h">
      <Filter>Header Files</Filter>
    </ClInclude>
    <ClInclude Include="GsNetworkOutput.h">
      <Filter>Header Files</Filter>
    </ClInclude>
    <ClInclude Include="GsOutputDispatch.h">
      <Filter>Header Files</Filter>
    </ClInclude>
    <ClInclude Include="GsPlayer.h">
      <Filter>Header Files</Filter>
    </ClInclude>
    <ClInclude Include="GsPlayerList.h">
      <Filter>Header Files</Filter>
    </ClInclude>
    <ClInclude Include="GsPlayerSet.h">
      <Filter>Header Files</Filter>
    </ClInclude>
    <ClInclude Include="GsPlayerThread.h">
      <Filter>Header Files</Filter>
    </ClInclude>
    <ClInclude Include="GsPlayerThreadSet.h">
      <Filter>Header Files</Filter>
    </ClInclude>
    <ClInclude Include="GsPositionThread.h">
      <Filter>Header Files</Filter>
    </ClInclude>
    <ClInclude Include="GsSignalThread.h">
      <Filter>Header Files</Filter>
    </ClInclude>
    <ClInclude Include="GsUtil.h">
      <Filter>Header Files</Filter>
    </ClInclude>
    <ClInclude Include="resource.h">
      <Filter>Header Files</Filter>
    </ClInclude>
  </ItemGroup>
</Project>